PODS:
  - Alamofire (4.8.2)
  - ARSLineProgress (3.1.0)
  - Differentiator (3.1.0)
  - Hero (1.4.0)
  - IBAnalyzer (0.3.0)
  - M13Checkbox (3.4.0)
  - Moya/Core (13.0.1):
    - Alamofire (~> 4.1)
    - Result (~> 4.1)
  - Moya/RxSwift (13.0.1):
    - Moya/Core
    - RxSwift (~> 4.0)
  - PanModal (1.2.2)
  - Result (4.1.0)
  - RxCocoa (4.5.0):
    - RxSwift (>= 4.4.2, ~> 4.4)
  - RxDataSources (3.1.0):
    - Differentiator (~> 3.0)
    - RxCocoa (~> 4.0)
    - RxSwift (~> 4.0)
  - RxGesture (2.2.0):
    - RxCocoa (~> 4.5)
    - RxSwift (~> 4.5)
  - RxOptional (3.6.2):
    - RxCocoa (~> 4.0)
    - RxSwift (~> 4.0)
  - RxSwift (4.5.0)
  - SkyFloatingLabelTextField (3.7.0)
  - SwifterSwift/AppKit (5.0.0)
  - YALField (1.0.1)

DEPENDENCIES:
  - ARSLineProgress (~> 3.1)
  - Hero
  - IBAnalyzer
  - M13Checkbox
  - Moya/RxSwift (~> 13.0)
  - PanModal
  - RxCocoa (~> 4.0)
  - RxDataSources
  - RxGesture (~> 2.1)
  - RxOptional
  - RxSwift (~> 4.0)
  - SkyFloatingLabelTextField (~> 3.0)
  - SwifterSwift/AppKit
  - YALField

SPEC REPOS:
  https://github.com/cocoapods/specs.git:
    - Alamofire
    - ARSLineProgress
    - Differentiator
    - Hero
    - IBAnalyzer
    - M13Checkbox
    - Moya
    - PanModal
    - Result
    - RxCocoa
    - RxDataSources
    - RxGesture
    - RxOptional
    - RxSwift
    - SkyFloatingLabelTextField
    - SwifterSwift
    - YALField

SPEC CHECKSUMS:
  Alamofire: ae5c501addb7afdbb13687d7f2f722c78734c2d3
  ARSLineProgress: 60778657c69491796c3faf5b834c72924c405833
  Differentiator: be49ca3408f0ecfc761e4c7763d20c62be01b9ad
  Hero: bac92350d7201a1a940003e0767c7b52ce7c99a1
  IBAnalyzer: b126675d57df92f5b2464e836f22bcc83fd4970e
  M13Checkbox: 6f59404540ac98ba83a3d1afac335895a40c6a5d
  Moya: f4a4b80ff2f8a4ffc208dfb31cd91636622fee6e
  PanModal: db200380a267634f746f8dea550dc3d1df017fc0
  Result: bd966fac789cc6c1563440b348ab2598cc24d5c7
  RxCocoa: cbf70265dc65a981d4ac982e513c10cf23df24a0
  RxDataSources: a843bad90c29817f5923ec8163f4af2de084ceb3
  RxGesture: c1b7bf17166b0ef9d642a9510f8bac5785f18990
  RxOptional: 80426a0ddbd092573e4c482d8cc13302078c4d5e
  RxSwift: f172070dfd1a93d70a9ab97a5a01166206e1c575
  SkyFloatingLabelTextField: 4b46db0ab1ccde0919cded29c656e6b4805eda04
  SwifterSwift: 96f90594b370802f01647c2b1229c74a84ffafee
  YALField: f80f986de790bb13690264422437fa4e0593af0a

PODFILE CHECKSUM: 560642a3bbbfe1693e21ef6742b9bd2600a458ad

COCOAPODS: 1.6.1
