PODS:
  - Alamofire (4.8.2)
  - ARSLineProgress (3.1.0)
  - Differentiator (3.1.0)
  - GenericCellControllers (1.1.0)
  - IQKeyboardManagerSwift (6.3.0)
  - JBDatePicker (1.2.5)
  - Kingfisher (5.5.0)
  - M13Checkbox (3.4.0)
  - Moya/Core (13.0.1):
    - Alamofire (~> 4.1)
    - Result (~> 4.1)
  - Moya/RxSwift (13.0.1):
    - Moya/Core
    - RxSwift (~> 4.0)
  - PanModal (1.2.3)
  - Result (4.1.0)
  - RxCocoa (4.5.0):
    - RxSwift (>= 4.4.2, ~> 4.4)
  - RxDataSources (3.1.0):
    - Differentiator (~> 3.0)
    - RxCocoa (~> 4.0)
    - RxSwift (~> 4.0)
  - RxGesture (2.2.0):
    - RxCocoa (~> 4.5)
    - RxSwift (~> 4.5)
  - RxOptional (3.6.2):
    - RxCocoa (~> 4.0)
    - RxSwift (~> 4.0)
  - RxSwift (4.5.0)
  - SkyFloatingLabelTextField (3.7.0)
  - SnapKit (5.0.0)
  - SwifterSwift (5.0.0):
    - SwifterSwift/AppKit (= 5.0.0)
    - SwifterSwift/CoreGraphics (= 5.0.0)
    - SwifterSwift/CoreLocation (= 5.0.0)
    - SwifterSwift/Dispatch (= 5.0.0)
    - SwifterSwift/Foundation (= 5.0.0)
    - SwifterSwift/MapKit (= 5.0.0)
    - SwifterSwift/SpriteKit (= 5.0.0)
    - SwifterSwift/SwiftStdlib (= 5.0.0)
    - SwifterSwift/UIKit (= 5.0.0)
  - SwifterSwift/AppKit (5.0.0)
  - SwifterSwift/CoreGraphics (5.0.0)
  - SwifterSwift/CoreLocation (5.0.0)
  - SwifterSwift/Dispatch (5.0.0)
  - SwifterSwift/Foundation (5.0.0)
  - SwifterSwift/MapKit (5.0.0)
  - SwifterSwift/SpriteKit (5.0.0)
  - SwifterSwift/SwiftStdlib (5.0.0)
  - SwifterSwift/UIKit (5.0.0)
  - SwiftMessages (7.0.0):
    - SwiftMessages/App (= 7.0.0)
  - SwiftMessages/App (7.0.0)
  - ViewPager-Swift (2.0.1)
  - YALField (1.0.1)

DEPENDENCIES:
  - ARSLineProgress (~> 3.1)
  - GenericCellControllers
  - IQKeyboardManagerSwift
  - JBDatePicker
  - Kingfisher (~> 5.0)
  - M13Checkbox
  - Moya/RxSwift (~> 13.0)
  - PanModal
  - RxCocoa (~> 4.0)
  - RxDataSources
  - RxGesture (~> 2.1)
  - RxOptional
  - RxSwift (~> 4.0)
  - SkyFloatingLabelTextField (~> 3.0)
  - SnapKit
  - SwifterSwift
  - SwiftMessages
  - ViewPager-Swift
  - YALField

SPEC REPOS:
  https://github.com/cocoapods/specs.git:
    - Alamofire
    - ARSLineProgress
    - Differentiator
    - GenericCellControllers
    - IQKeyboardManagerSwift
    - JBDatePicker
    - Kingfisher
    - M13Checkbox
    - Moya
    - PanModal
    - Result
    - RxCocoa
    - RxDataSources
    - RxGesture
    - RxOptional
    - RxSwift
    - SkyFloatingLabelTextField
    - SnapKit
    - SwifterSwift
    - SwiftMessages
    - ViewPager-Swift
    - YALField

SPEC CHECKSUMS:
  Alamofire: ae5c501addb7afdbb13687d7f2f722c78734c2d3
  ARSLineProgress: 60778657c69491796c3faf5b834c72924c405833
  Differentiator: be49ca3408f0ecfc761e4c7763d20c62be01b9ad
  GenericCellControllers: dfb84b8f74ed40fc85bba4bd9c0b2e0780fa6258
  IQKeyboardManagerSwift: a8228c257614af98743b4cd8584637025f36358f
  JBDatePicker: 0e791c8a79c49b0d37decea28ba147515bf5cfca
  Kingfisher: 6fe5e67a90fd335e49b0f5c075ff55ac5ebedd94
  M13Checkbox: 6f59404540ac98ba83a3d1afac335895a40c6a5d
  Moya: f4a4b80ff2f8a4ffc208dfb31cd91636622fee6e
  PanModal: 021af5c40d501908529f17bde508b8b9ab1c322d
  Result: bd966fac789cc6c1563440b348ab2598cc24d5c7
  RxCocoa: cbf70265dc65a981d4ac982e513c10cf23df24a0
  RxDataSources: a843bad90c29817f5923ec8163f4af2de084ceb3
  RxGesture: c1b7bf17166b0ef9d642a9510f8bac5785f18990
  RxOptional: 80426a0ddbd092573e4c482d8cc13302078c4d5e
  RxSwift: f172070dfd1a93d70a9ab97a5a01166206e1c575
  SkyFloatingLabelTextField: 4b46db0ab1ccde0919cded29c656e6b4805eda04
  SnapKit: fd22d10eb9aff484d79a8724eab922c1ddf89bcf
  SwifterSwift: 96f90594b370802f01647c2b1229c74a84ffafee
  SwiftMessages: a952f7a9103d9aeab93730a2861d2d8fcdd8758f
  ViewPager-Swift: 7d83f5d4888a0fa808c08c8405ba84e603a2eb58
  YALField: f80f986de790bb13690264422437fa4e0593af0a

PODFILE CHECKSUM: caf3dac201d4bcaf3ee3a337eef3a8eeaf1e5a39

COCOAPODS: 1.7.2
