// !$*UTF8*$!
{
	archiveVersion = 1;
	classes = {
	};
	objectVersion = 50;
	objects = {

/* Begin PBXBuildFile section */
		26A9B974FAE8C6E3C5BE0795 /* Pods_DirectUITests.framework in Frameworks */ = {isa = PBXBuildFile; fileRef = 121B9A8C3675B423D5D78B5B /* Pods_DirectUITests.framework */; };
		6C2CFB84227734E700D23CF4 /* TableCell.swift in Sources */ = {isa = PBXBuildFile; fileRef = 6C2CFB83227734E700D23CF4 /* TableCell.swift */; };
		6C2CFB882277419A00D23CF4 /* SelectableTableSheet.swift in Sources */ = {isa = PBXBuildFile; fileRef = 6C2CFB862277419A00D23CF4 /* SelectableTableSheet.swift */; };
		6C2CFB892277419A00D23CF4 /* SelectableTableSheet.xib in Resources */ = {isa = PBXBuildFile; fileRef = 6C2CFB872277419A00D23CF4 /* SelectableTableSheet.xib */; };
		6C2CFB8C2277422900D23CF4 /* PackagesViewController.swift in Sources */ = {isa = PBXBuildFile; fileRef = 6C2CFB8B2277422900D23CF4 /* PackagesViewController.swift */; };
		6C2CFB8F2277446600D23CF4 /* SingleRowTableCell.swift in Sources */ = {isa = PBXBuildFile; fileRef = 6C2CFB8D2277446600D23CF4 /* SingleRowTableCell.swift */; };
		6C2CFB902277446600D23CF4 /* SingleRowTableCell.xib in Resources */ = {isa = PBXBuildFile; fileRef = 6C2CFB8E2277446600D23CF4 /* SingleRowTableCell.xib */; };
		6C2CFB932277902400D23CF4 /* NewDirectVisaController.swift in Sources */ = {isa = PBXBuildFile; fileRef = 6C2CFB912277902400D23CF4 /* NewDirectVisaController.swift */; };
		6C2CFB942277902400D23CF4 /* NewDirectVisaController.xib in Resources */ = {isa = PBXBuildFile; fileRef = 6C2CFB922277902400D23CF4 /* NewDirectVisaController.xib */; };
		6C2CFB962277996500D23CF4 /* SpinnerTextField.swift in Sources */ = {isa = PBXBuildFile; fileRef = 6C2CFB952277996500D23CF4 /* SpinnerTextField.swift */; };
		6C2CFB9822779AFD00D23CF4 /* UIButton+App.swift in Sources */ = {isa = PBXBuildFile; fileRef = 6C2CFB9722779AFD00D23CF4 /* UIButton+App.swift */; };
		6C2CFB9F22789E0200D23CF4 /* PaymentViewController.swift in Sources */ = {isa = PBXBuildFile; fileRef = 6C2CFB9D22789E0200D23CF4 /* PaymentViewController.swift */; };
		6C2CFBA022789E0200D23CF4 /* PaymentViewController.xib in Resources */ = {isa = PBXBuildFile; fileRef = 6C2CFB9E22789E0200D23CF4 /* PaymentViewController.xib */; };
		6C2CFBA322789F6100D23CF4 /* PaymentMethodTableCell.swift in Sources */ = {isa = PBXBuildFile; fileRef = 6C2CFBA122789F6100D23CF4 /* PaymentMethodTableCell.swift */; };
		6C2CFBA422789F6100D23CF4 /* PaymentMethodTableCell.xib in Resources */ = {isa = PBXBuildFile; fileRef = 6C2CFBA222789F6100D23CF4 /* PaymentMethodTableCell.xib */; };
		6C2CFBA72278A1C600D23CF4 /* PaymentBranchTableCell.swift in Sources */ = {isa = PBXBuildFile; fileRef = 6C2CFBA52278A1C600D23CF4 /* PaymentBranchTableCell.swift */; };
		6C2CFBA82278A1C600D23CF4 /* PaymentBranchTableCell.xib in Resources */ = {isa = PBXBuildFile; fileRef = 6C2CFBA62278A1C600D23CF4 /* PaymentBranchTableCell.xib */; };
		6C5DE75A2275C763001A9FB6 /* MyOrdersViewController.swift in Sources */ = {isa = PBXBuildFile; fileRef = 6C5DE7592275C763001A9FB6 /* MyOrdersViewController.swift */; };
		6C5DE7652275DA99001A9FB6 /* UIView.swift in Sources */ = {isa = PBXBuildFile; fileRef = 6C5DE7642275DA99001A9FB6 /* UIView.swift */; };
		6C5DE7682275EC49001A9FB6 /* VisaRequirementTableCell.swift in Sources */ = {isa = PBXBuildFile; fileRef = 6C5DE7662275EC49001A9FB6 /* VisaRequirementTableCell.swift */; };
		6C5DE7692275EC49001A9FB6 /* VisaRequirementTableCell.xib in Resources */ = {isa = PBXBuildFile; fileRef = 6C5DE7672275EC49001A9FB6 /* VisaRequirementTableCell.xib */; };
		6C5DE76C22762013001A9FB6 /* RequireVisaSectionHeader.swift in Sources */ = {isa = PBXBuildFile; fileRef = 6C5DE76B22762013001A9FB6 /* RequireVisaSectionHeader.swift */; };
		6C5DE77022762020001A9FB6 /* RequireVisaSectionHeader.xib in Resources */ = {isa = PBXBuildFile; fileRef = 6C5DE76F22762020001A9FB6 /* RequireVisaSectionHeader.xib */; };
		6C5DE774227732EF001A9FB6 /* SearchViewController.swift in Sources */ = {isa = PBXBuildFile; fileRef = 6C5DE772227732EF001A9FB6 /* SearchViewController.swift */; };
		6C5DE7782277330D001A9FB6 /* CountryTableCell.swift in Sources */ = {isa = PBXBuildFile; fileRef = 6C5DE7762277330D001A9FB6 /* CountryTableCell.swift */; };
		6C5DE7792277330D001A9FB6 /* CountryTableCell.xib in Resources */ = {isa = PBXBuildFile; fileRef = 6C5DE7772277330D001A9FB6 /* CountryTableCell.xib */; };
		6C5FDA4D2270816B00ABA39B /* AppDelegate.swift in Sources */ = {isa = PBXBuildFile; fileRef = 6C5FDA4C2270816B00ABA39B /* AppDelegate.swift */; };
		6C5FDA4F2270816B00ABA39B /* ViewController.swift in Sources */ = {isa = PBXBuildFile; fileRef = 6C5FDA4E2270816B00ABA39B /* ViewController.swift */; };
		6C5FDA522270816B00ABA39B /* Main.storyboard in Resources */ = {isa = PBXBuildFile; fileRef = 6C5FDA502270816B00ABA39B /* Main.storyboard */; };
		6C5FDA542270816C00ABA39B /* Assets.xcassets in Resources */ = {isa = PBXBuildFile; fileRef = 6C5FDA532270816C00ABA39B /* Assets.xcassets */; };
		6C5FDA572270816C00ABA39B /* LaunchScreen.storyboard in Resources */ = {isa = PBXBuildFile; fileRef = 6C5FDA552270816C00ABA39B /* LaunchScreen.storyboard */; };
		6C5FDA622270816D00ABA39B /* DirectTests.swift in Sources */ = {isa = PBXBuildFile; fileRef = 6C5FDA612270816D00ABA39B /* DirectTests.swift */; };
		6C5FDA6D2270816D00ABA39B /* DirectUITests.swift in Sources */ = {isa = PBXBuildFile; fileRef = 6C5FDA6C2270816D00ABA39B /* DirectUITests.swift */; };
		6C7782472278A54A001926B2 /* CheckoutFooter.swift in Sources */ = {isa = PBXBuildFile; fileRef = 6C7782462278A54A001926B2 /* CheckoutFooter.swift */; };
		6C77824D2278ABB7001926B2 /* CheckoutBottomView.xib in Resources */ = {isa = PBXBuildFile; fileRef = 6C77824C2278ABB7001926B2 /* CheckoutBottomView.xib */; };
		6C77824F2278ABDC001926B2 /* CheckoutBottomView.swift in Sources */ = {isa = PBXBuildFile; fileRef = 6C77824E2278ABDC001926B2 /* CheckoutBottomView.swift */; };
		6C778257227A36F7001926B2 /* HelpViewController.swift in Sources */ = {isa = PBXBuildFile; fileRef = 6C778256227A36F7001926B2 /* HelpViewController.swift */; };
		6C77825A227A3AFF001926B2 /* MyAccountController.swift in Sources */ = {isa = PBXBuildFile; fileRef = 6C778259227A3AFF001926B2 /* MyAccountController.swift */; };
		6C77825D227A3E23001926B2 /* BanksViewController.swift in Sources */ = {isa = PBXBuildFile; fileRef = 6C77825B227A3E23001926B2 /* BanksViewController.swift */; };
		6C77825E227A3E23001926B2 /* BanksViewController.xib in Resources */ = {isa = PBXBuildFile; fileRef = 6C77825C227A3E23001926B2 /* BanksViewController.xib */; };
		6C778261227A3E3D001926B2 /* BankTableCell.swift in Sources */ = {isa = PBXBuildFile; fileRef = 6C77825F227A3E3D001926B2 /* BankTableCell.swift */; };
		6C778262227A3E3D001926B2 /* BankTableCell.xib in Resources */ = {isa = PBXBuildFile; fileRef = 6C778260227A3E3D001926B2 /* BankTableCell.xib */; };
		6C778264227A9902001926B2 /* StoryBoardIDs.swift in Sources */ = {isa = PBXBuildFile; fileRef = 6C778263227A9902001926B2 /* StoryBoardIDs.swift */; };
		6C778266227A9B97001926B2 /* UIViewController+Helpers.swift in Sources */ = {isa = PBXBuildFile; fileRef = 6C778265227A9B97001926B2 /* UIViewController+Helpers.swift */; };
		6C77826A227A9F64001926B2 /* SponsersViewController.swift in Sources */ = {isa = PBXBuildFile; fileRef = 6C778268227A9F64001926B2 /* SponsersViewController.swift */; };
		6C77826B227A9F64001926B2 /* SponsersViewController.xib in Resources */ = {isa = PBXBuildFile; fileRef = 6C778269227A9F64001926B2 /* SponsersViewController.xib */; };
		6C77826E227A9FB2001926B2 /* SuccessVisaRequestController.swift in Sources */ = {isa = PBXBuildFile; fileRef = 6C77826C227A9FB2001926B2 /* SuccessVisaRequestController.swift */; };
		6C77826F227A9FB2001926B2 /* SuccessVisaRequestController.xib in Resources */ = {isa = PBXBuildFile; fileRef = 6C77826D227A9FB2001926B2 /* SuccessVisaRequestController.xib */; };
		6C778274227AA196001926B2 /* NewInstituteRequestController.swift in Sources */ = {isa = PBXBuildFile; fileRef = 6C778272227AA196001926B2 /* NewInstituteRequestController.swift */; };
		6C778275227AA196001926B2 /* NewInstituteRequestController.xib in Resources */ = {isa = PBXBuildFile; fileRef = 6C778273227AA196001926B2 /* NewInstituteRequestController.xib */; };
		6C778278227AA26F001926B2 /* InstituteDetailsController.swift in Sources */ = {isa = PBXBuildFile; fileRef = 6C778276227AA26F001926B2 /* InstituteDetailsController.swift */; };
		6C778279227AA26F001926B2 /* InstituteDetailsController.xib in Resources */ = {isa = PBXBuildFile; fileRef = 6C778277227AA26F001926B2 /* InstituteDetailsController.xib */; };
		6C77827C227AA2C1001926B2 /* SuccessRequestInstituteController.swift in Sources */ = {isa = PBXBuildFile; fileRef = 6C77827A227AA2C1001926B2 /* SuccessRequestInstituteController.swift */; };
		6C77827D227AA2C1001926B2 /* SuccessRequestInstituteController.xib in Resources */ = {isa = PBXBuildFile; fileRef = 6C77827B227AA2C1001926B2 /* SuccessRequestInstituteController.xib */; };
		6C778280227AA2EC001926B2 /* InstitutesListController.swift in Sources */ = {isa = PBXBuildFile; fileRef = 6C77827E227AA2EC001926B2 /* InstitutesListController.swift */; };
		6C778281227AA2EC001926B2 /* InstitutesListController.xib in Resources */ = {isa = PBXBuildFile; fileRef = 6C77827F227AA2EC001926B2 /* InstitutesListController.xib */; };
		6C778284227AA33D001926B2 /* InstituteTableCell.swift in Sources */ = {isa = PBXBuildFile; fileRef = 6C778282227AA33D001926B2 /* InstituteTableCell.swift */; };
		6C778285227AA33D001926B2 /* InstituteTableCell.xib in Resources */ = {isa = PBXBuildFile; fileRef = 6C778283227AA33D001926B2 /* InstituteTableCell.xib */; };
		6C778289227C6EE6001926B2 /* ContactUsViewController.swift in Sources */ = {isa = PBXBuildFile; fileRef = 6C778287227C6EE6001926B2 /* ContactUsViewController.swift */; };
		6C77828A227C6EE6001926B2 /* ContactUsViewController.xib in Resources */ = {isa = PBXBuildFile; fileRef = 6C778288227C6EE6001926B2 /* ContactUsViewController.xib */; };
		6C77828C227C715A001926B2 /* ImageLabel.swift in Sources */ = {isa = PBXBuildFile; fileRef = 6C77828B227C715A001926B2 /* ImageLabel.swift */; };
		6C87FABD2270B5F400AFE485 /* NetworkModule.framework in Frameworks */ = {isa = PBXBuildFile; fileRef = 6C87FABA2270B5D600AFE485 /* NetworkModule.framework */; };
		6C87FAD92270C6D800AFE485 /* UIColor+Additions.swift in Sources */ = {isa = PBXBuildFile; fileRef = 6C87FAD82270C6D800AFE485 /* UIColor+Additions.swift */; };
		6C87FADC2270C74000AFE485 /* UserAuthViewController.swift in Sources */ = {isa = PBXBuildFile; fileRef = 6C87FADA2270C74000AFE485 /* UserAuthViewController.swift */; };
		6C87FADD2270C74000AFE485 /* UserAuthViewController.xib in Resources */ = {isa = PBXBuildFile; fileRef = 6C87FADB2270C74000AFE485 /* UserAuthViewController.xib */; };
		6C87FAE02270C75100AFE485 /* LoginViewController.swift in Sources */ = {isa = PBXBuildFile; fileRef = 6C87FADE2270C75100AFE485 /* LoginViewController.swift */; };
		6C87FAE12270C75100AFE485 /* LoginViewController.xib in Resources */ = {isa = PBXBuildFile; fileRef = 6C87FADF2270C75100AFE485 /* LoginViewController.xib */; };
		6C87FAE42270C75F00AFE485 /* SignupViewController.swift in Sources */ = {isa = PBXBuildFile; fileRef = 6C87FAE22270C75F00AFE485 /* SignupViewController.swift */; };
		6C87FAE52270C75F00AFE485 /* SignupViewController.xib in Resources */ = {isa = PBXBuildFile; fileRef = 6C87FAE32270C75F00AFE485 /* SignupViewController.xib */; };
		6CA040B62281BE0300619B6F /* FloatingTextField.swift in Sources */ = {isa = PBXBuildFile; fileRef = 6CA040B52281BE0300619B6F /* FloatingTextField.swift */; };
		6CC514A2227DC43B00634B5D /* PassangersController.swift in Sources */ = {isa = PBXBuildFile; fileRef = 6CC514A0227DC43B00634B5D /* PassangersController.swift */; };
		6CC514A3227DC43B00634B5D /* PassangersController.xib in Resources */ = {isa = PBXBuildFile; fileRef = 6CC514A1227DC43B00634B5D /* PassangersController.xib */; };
		6CDEBBE62284C55800EC3E6F /* PassangersCountController.swift in Sources */ = {isa = PBXBuildFile; fileRef = 6CDEBBE42284C55800EC3E6F /* PassangersCountController.swift */; };
		6CDEBBE72284C55800EC3E6F /* PassangersCountController.xib in Resources */ = {isa = PBXBuildFile; fileRef = 6CDEBBE52284C55800EC3E6F /* PassangersCountController.xib */; };
		6CDEBBEC2284FDA000EC3E6F /* PackagesTableCell.swift in Sources */ = {isa = PBXBuildFile; fileRef = 6CDEBBEA2284FDA000EC3E6F /* PackagesTableCell.swift */; };
		6CDEBBED2284FDA000EC3E6F /* PackagesTableCell.xib in Resources */ = {isa = PBXBuildFile; fileRef = 6CDEBBEB2284FDA000EC3E6F /* PackagesTableCell.xib */; };
		6CDEBBF02285012400EC3E6F /* PackageDetailsController.swift in Sources */ = {isa = PBXBuildFile; fileRef = 6CDEBBEE2285012400EC3E6F /* PackageDetailsController.swift */; };
		6CDEBBF12285012400EC3E6F /* PackageDetailsController.xib in Resources */ = {isa = PBXBuildFile; fileRef = 6CDEBBEF2285012400EC3E6F /* PackageDetailsController.xib */; };
		6CE722ED2274FA1B00E095DC /* VisaRequirementController.swift in Sources */ = {isa = PBXBuildFile; fileRef = 6CE722EB2274FA1B00E095DC /* VisaRequirementController.swift */; };
		6CE722EE2274FA1B00E095DC /* VisaRequirementController.xib in Resources */ = {isa = PBXBuildFile; fileRef = 6CE722EC2274FA1B00E095DC /* VisaRequirementController.xib */; };
		6CF3E1722271E451007488BA /* Navigator.swift in Sources */ = {isa = PBXBuildFile; fileRef = 6CF3E1712271E451007488BA /* Navigator.swift */; };
		6CF3E1762271E598007488BA /* RootNavigationViewController.swift in Sources */ = {isa = PBXBuildFile; fileRef = 6CF3E1752271E598007488BA /* RootNavigationViewController.swift */; };
		6CF3E17E2271E702007488BA /* User.swift in Sources */ = {isa = PBXBuildFile; fileRef = 6CF3E17D2271E702007488BA /* User.swift */; };
		6CF3E1802271F303007488BA /* ViewControllerActionBarStyle.swift in Sources */ = {isa = PBXBuildFile; fileRef = 6CF3E17F2271F303007488BA /* ViewControllerActionBarStyle.swift */; };
		6CF3E1842271F4B9007488BA /* HomeViewController.swift in Sources */ = {isa = PBXBuildFile; fileRef = 6CF3E1822271F4B9007488BA /* HomeViewController.swift */; };
		6CF3E19422724D0C007488BA /* HomeCollectionSection.swift in Sources */ = {isa = PBXBuildFile; fileRef = 6CF3E19322724D0C007488BA /* HomeCollectionSection.swift */; };
		6CF3E19922724E23007488BA /* HomeViewModel.swift in Sources */ = {isa = PBXBuildFile; fileRef = 6CF3E19822724E23007488BA /* HomeViewModel.swift */; };
		6CF3E19C22725430007488BA /* VisaCollectionViewCell.swift in Sources */ = {isa = PBXBuildFile; fileRef = 6CF3E19A22725430007488BA /* VisaCollectionViewCell.swift */; };
		6CF3E19D22725430007488BA /* VisaCollectionViewCell.xib in Resources */ = {isa = PBXBuildFile; fileRef = 6CF3E19B22725430007488BA /* VisaCollectionViewCell.xib */; };
		6CF3E1A022725478007488BA /* OfferCollectionViewCell.swift in Sources */ = {isa = PBXBuildFile; fileRef = 6CF3E19E22725478007488BA /* OfferCollectionViewCell.swift */; };
		6CF3E1A122725478007488BA /* OfferCollectionViewCell.xib in Resources */ = {isa = PBXBuildFile; fileRef = 6CF3E19F22725478007488BA /* OfferCollectionViewCell.xib */; };
		6CF3E1A4227254A1007488BA /* InstituteCollectionViewCell.swift in Sources */ = {isa = PBXBuildFile; fileRef = 6CF3E1A2227254A1007488BA /* InstituteCollectionViewCell.swift */; };
		6CF3E1A5227254A1007488BA /* InstituteCollectionViewCell.xib in Resources */ = {isa = PBXBuildFile; fileRef = 6CF3E1A3227254A1007488BA /* InstituteCollectionViewCell.xib */; };
		6CF3E1A8227254B7007488BA /* NewsCollectionViewCell.swift in Sources */ = {isa = PBXBuildFile; fileRef = 6CF3E1A6227254B7007488BA /* NewsCollectionViewCell.swift */; };
		6CF3E1A9227254B7007488BA /* NewsCollectionViewCell.xib in Resources */ = {isa = PBXBuildFile; fileRef = 6CF3E1A7227254B7007488BA /* NewsCollectionViewCell.xib */; };
		6CF3E1AB227254DB007488BA /* NewsSectionVM.swift in Sources */ = {isa = PBXBuildFile; fileRef = 6CF3E1AA227254DB007488BA /* NewsSectionVM.swift */; };
		6CF3E1AD2272551E007488BA /* VisaRequirementsSectionVM.swift in Sources */ = {isa = PBXBuildFile; fileRef = 6CF3E1AC2272551E007488BA /* VisaRequirementsSectionVM.swift */; };
		6CF3E1AF2272558A007488BA /* InstitutesSectionVM.swift in Sources */ = {isa = PBXBuildFile; fileRef = 6CF3E1AE2272558A007488BA /* InstitutesSectionVM.swift */; };
		6CF3E1B1227255DC007488BA /* OffersSectionVM.swift in Sources */ = {isa = PBXBuildFile; fileRef = 6CF3E1B0227255DC007488BA /* OffersSectionVM.swift */; };
		6CF3E1B322725799007488BA /* Binder.swift in Sources */ = {isa = PBXBuildFile; fileRef = 6CF3E1B222725799007488BA /* Binder.swift */; };
		6CF3E1B8227268CF007488BA /* HomeCollectionSectionHeader.swift in Sources */ = {isa = PBXBuildFile; fileRef = 6CF3E1B6227268CF007488BA /* HomeCollectionSectionHeader.swift */; };
		6CF3E1B9227268CF007488BA /* HomeCollectionSectionHeader.xib in Resources */ = {isa = PBXBuildFile; fileRef = 6CF3E1B7227268CF007488BA /* HomeCollectionSectionHeader.xib */; };
		6CF3E1C32274B8DB007488BA /* FakeData.swift in Sources */ = {isa = PBXBuildFile; fileRef = 6CF3E1C22274B8DB007488BA /* FakeData.swift */; };
		6CF3E1CC2274BBE5007488BA /* HomeCollectionSectionWrapper.swift in Sources */ = {isa = PBXBuildFile; fileRef = 6CF3E1CA2274BBE5007488BA /* HomeCollectionSectionWrapper.swift */; };
		6CF3E1CD2274BBE5007488BA /* HomeCollectionSectionWrapper.xib in Resources */ = {isa = PBXBuildFile; fileRef = 6CF3E1CB2274BBE5007488BA /* HomeCollectionSectionWrapper.xib */; };
		8B1377D46A1E5F719D9E5A12 /* Pods_DirectTests.framework in Frameworks */ = {isa = PBXBuildFile; fileRef = 29A2B8F6171281AB2F94BE3F /* Pods_DirectTests.framework */; };
		EBD586B3E64D029BAC2A9DC2 /* Pods_Direct.framework in Frameworks */ = {isa = PBXBuildFile; fileRef = 6D320B700B1358D94E681A70 /* Pods_Direct.framework */; };
/* End PBXBuildFile section */

/* Begin PBXContainerItemProxy section */
		6C5FDA5E2270816D00ABA39B /* PBXContainerItemProxy */ = {
			isa = PBXContainerItemProxy;
			containerPortal = 6C5FDA412270816A00ABA39B /* Project object */;
			proxyType = 1;
			remoteGlobalIDString = 6C5FDA482270816A00ABA39B;
			remoteInfo = Direct;
		};
		6C5FDA692270816D00ABA39B /* PBXContainerItemProxy */ = {
			isa = PBXContainerItemProxy;
			containerPortal = 6C5FDA412270816A00ABA39B /* Project object */;
			proxyType = 1;
			remoteGlobalIDString = 6C5FDA482270816A00ABA39B;
			remoteInfo = Direct;
		};
		6C87FAB92270B5D600AFE485 /* PBXContainerItemProxy */ = {
			isa = PBXContainerItemProxy;
			containerPortal = 6C87FAB42270B5D600AFE485 /* NetworkModule.xcodeproj */;
			proxyType = 2;
			remoteGlobalIDString = 6C87FA812270B39400AFE485;
			remoteInfo = NetworkModule;
		};
		6C87FABB2270B5D600AFE485 /* PBXContainerItemProxy */ = {
			isa = PBXContainerItemProxy;
			containerPortal = 6C87FAB42270B5D600AFE485 /* NetworkModule.xcodeproj */;
			proxyType = 2;
			remoteGlobalIDString = 6C87FA8A2270B39400AFE485;
			remoteInfo = NetworkModuleTests;
		};
/* End PBXContainerItemProxy section */

/* Begin PBXFileReference section */
		121B9A8C3675B423D5D78B5B /* Pods_DirectUITests.framework */ = {isa = PBXFileReference; explicitFileType = wrapper.framework; includeInIndex = 0; path = Pods_DirectUITests.framework; sourceTree = BUILT_PRODUCTS_DIR; };
		1E213B895BD777856B962F78 /* Pods-DirectUITests.release.xcconfig */ = {isa = PBXFileReference; includeInIndex = 1; lastKnownFileType = text.xcconfig; name = "Pods-DirectUITests.release.xcconfig"; path = "Target Support Files/Pods-DirectUITests/Pods-DirectUITests.release.xcconfig"; sourceTree = "<group>"; };
		29A2B8F6171281AB2F94BE3F /* Pods_DirectTests.framework */ = {isa = PBXFileReference; explicitFileType = wrapper.framework; includeInIndex = 0; path = Pods_DirectTests.framework; sourceTree = BUILT_PRODUCTS_DIR; };
		32AD91C3FA31B9C68158A139 /* Pods-DirectTests.release.xcconfig */ = {isa = PBXFileReference; includeInIndex = 1; lastKnownFileType = text.xcconfig; name = "Pods-DirectTests.release.xcconfig"; path = "Target Support Files/Pods-DirectTests/Pods-DirectTests.release.xcconfig"; sourceTree = "<group>"; };
		6B30160045018A20D10805B6 /* Pods-DirectTests.debug.xcconfig */ = {isa = PBXFileReference; includeInIndex = 1; lastKnownFileType = text.xcconfig; name = "Pods-DirectTests.debug.xcconfig"; path = "Target Support Files/Pods-DirectTests/Pods-DirectTests.debug.xcconfig"; sourceTree = "<group>"; };
		6C2CFB83227734E700D23CF4 /* TableCell.swift */ = {isa = PBXFileReference; lastKnownFileType = sourcecode.swift; path = TableCell.swift; sourceTree = "<group>"; };
		6C2CFB862277419A00D23CF4 /* SelectableTableSheet.swift */ = {isa = PBXFileReference; lastKnownFileType = sourcecode.swift; path = SelectableTableSheet.swift; sourceTree = "<group>"; };
		6C2CFB872277419A00D23CF4 /* SelectableTableSheet.xib */ = {isa = PBXFileReference; lastKnownFileType = file.xib; path = SelectableTableSheet.xib; sourceTree = "<group>"; };
		6C2CFB8B2277422900D23CF4 /* PackagesViewController.swift */ = {isa = PBXFileReference; lastKnownFileType = sourcecode.swift; path = PackagesViewController.swift; sourceTree = "<group>"; };
		6C2CFB8D2277446600D23CF4 /* SingleRowTableCell.swift */ = {isa = PBXFileReference; lastKnownFileType = sourcecode.swift; path = SingleRowTableCell.swift; sourceTree = "<group>"; };
		6C2CFB8E2277446600D23CF4 /* SingleRowTableCell.xib */ = {isa = PBXFileReference; lastKnownFileType = file.xib; path = SingleRowTableCell.xib; sourceTree = "<group>"; };
		6C2CFB912277902400D23CF4 /* NewDirectVisaController.swift */ = {isa = PBXFileReference; lastKnownFileType = sourcecode.swift; path = NewDirectVisaController.swift; sourceTree = "<group>"; };
		6C2CFB922277902400D23CF4 /* NewDirectVisaController.xib */ = {isa = PBXFileReference; lastKnownFileType = file.xib; path = NewDirectVisaController.xib; sourceTree = "<group>"; };
		6C2CFB952277996500D23CF4 /* SpinnerTextField.swift */ = {isa = PBXFileReference; lastKnownFileType = sourcecode.swift; path = SpinnerTextField.swift; sourceTree = "<group>"; };
		6C2CFB9722779AFD00D23CF4 /* UIButton+App.swift */ = {isa = PBXFileReference; lastKnownFileType = sourcecode.swift; path = "UIButton+App.swift"; sourceTree = "<group>"; };
		6C2CFB9D22789E0200D23CF4 /* PaymentViewController.swift */ = {isa = PBXFileReference; lastKnownFileType = sourcecode.swift; path = PaymentViewController.swift; sourceTree = "<group>"; };
		6C2CFB9E22789E0200D23CF4 /* PaymentViewController.xib */ = {isa = PBXFileReference; lastKnownFileType = file.xib; path = PaymentViewController.xib; sourceTree = "<group>"; };
		6C2CFBA122789F6100D23CF4 /* PaymentMethodTableCell.swift */ = {isa = PBXFileReference; lastKnownFileType = sourcecode.swift; path = PaymentMethodTableCell.swift; sourceTree = "<group>"; };
		6C2CFBA222789F6100D23CF4 /* PaymentMethodTableCell.xib */ = {isa = PBXFileReference; lastKnownFileType = file.xib; path = PaymentMethodTableCell.xib; sourceTree = "<group>"; };
		6C2CFBA52278A1C600D23CF4 /* PaymentBranchTableCell.swift */ = {isa = PBXFileReference; lastKnownFileType = sourcecode.swift; path = PaymentBranchTableCell.swift; sourceTree = "<group>"; };
		6C2CFBA62278A1C600D23CF4 /* PaymentBranchTableCell.xib */ = {isa = PBXFileReference; lastKnownFileType = file.xib; path = PaymentBranchTableCell.xib; sourceTree = "<group>"; };
		6C5DE7592275C763001A9FB6 /* MyOrdersViewController.swift */ = {isa = PBXFileReference; lastKnownFileType = sourcecode.swift; path = MyOrdersViewController.swift; sourceTree = "<group>"; };
		6C5DE7642275DA99001A9FB6 /* UIView.swift */ = {isa = PBXFileReference; fileEncoding = 4; lastKnownFileType = sourcecode.swift; path = UIView.swift; sourceTree = "<group>"; };
		6C5DE7662275EC49001A9FB6 /* VisaRequirementTableCell.swift */ = {isa = PBXFileReference; lastKnownFileType = sourcecode.swift; path = VisaRequirementTableCell.swift; sourceTree = "<group>"; };
		6C5DE7672275EC49001A9FB6 /* VisaRequirementTableCell.xib */ = {isa = PBXFileReference; lastKnownFileType = file.xib; path = VisaRequirementTableCell.xib; sourceTree = "<group>"; };
		6C5DE76B22762013001A9FB6 /* RequireVisaSectionHeader.swift */ = {isa = PBXFileReference; lastKnownFileType = sourcecode.swift; path = RequireVisaSectionHeader.swift; sourceTree = "<group>"; };
		6C5DE76F22762020001A9FB6 /* RequireVisaSectionHeader.xib */ = {isa = PBXFileReference; lastKnownFileType = file.xib; path = RequireVisaSectionHeader.xib; sourceTree = "<group>"; };
		6C5DE772227732EF001A9FB6 /* SearchViewController.swift */ = {isa = PBXFileReference; lastKnownFileType = sourcecode.swift; path = SearchViewController.swift; sourceTree = "<group>"; };
		6C5DE7762277330D001A9FB6 /* CountryTableCell.swift */ = {isa = PBXFileReference; lastKnownFileType = sourcecode.swift; path = CountryTableCell.swift; sourceTree = "<group>"; };
		6C5DE7772277330D001A9FB6 /* CountryTableCell.xib */ = {isa = PBXFileReference; lastKnownFileType = file.xib; path = CountryTableCell.xib; sourceTree = "<group>"; };
		6C5FDA492270816B00ABA39B /* Direct.app */ = {isa = PBXFileReference; explicitFileType = wrapper.application; includeInIndex = 0; path = Direct.app; sourceTree = BUILT_PRODUCTS_DIR; };
		6C5FDA4C2270816B00ABA39B /* AppDelegate.swift */ = {isa = PBXFileReference; lastKnownFileType = sourcecode.swift; path = AppDelegate.swift; sourceTree = "<group>"; };
		6C5FDA4E2270816B00ABA39B /* ViewController.swift */ = {isa = PBXFileReference; lastKnownFileType = sourcecode.swift; path = ViewController.swift; sourceTree = "<group>"; };
		6C5FDA512270816B00ABA39B /* Base */ = {isa = PBXFileReference; lastKnownFileType = file.storyboard; name = Base; path = Base.lproj/Main.storyboard; sourceTree = "<group>"; };
		6C5FDA532270816C00ABA39B /* Assets.xcassets */ = {isa = PBXFileReference; lastKnownFileType = folder.assetcatalog; path = Assets.xcassets; sourceTree = "<group>"; };
		6C5FDA562270816C00ABA39B /* Base */ = {isa = PBXFileReference; lastKnownFileType = file.storyboard; name = Base; path = Base.lproj/LaunchScreen.storyboard; sourceTree = "<group>"; };
		6C5FDA582270816C00ABA39B /* Info.plist */ = {isa = PBXFileReference; lastKnownFileType = text.plist.xml; path = Info.plist; sourceTree = "<group>"; };
		6C5FDA5D2270816D00ABA39B /* DirectTests.xctest */ = {isa = PBXFileReference; explicitFileType = wrapper.cfbundle; includeInIndex = 0; path = DirectTests.xctest; sourceTree = BUILT_PRODUCTS_DIR; };
		6C5FDA612270816D00ABA39B /* DirectTests.swift */ = {isa = PBXFileReference; lastKnownFileType = sourcecode.swift; path = DirectTests.swift; sourceTree = "<group>"; };
		6C5FDA632270816D00ABA39B /* Info.plist */ = {isa = PBXFileReference; lastKnownFileType = text.plist.xml; path = Info.plist; sourceTree = "<group>"; };
		6C5FDA682270816D00ABA39B /* DirectUITests.xctest */ = {isa = PBXFileReference; explicitFileType = wrapper.cfbundle; includeInIndex = 0; path = DirectUITests.xctest; sourceTree = BUILT_PRODUCTS_DIR; };
		6C5FDA6C2270816D00ABA39B /* DirectUITests.swift */ = {isa = PBXFileReference; lastKnownFileType = sourcecode.swift; path = DirectUITests.swift; sourceTree = "<group>"; };
		6C5FDA6E2270816D00ABA39B /* Info.plist */ = {isa = PBXFileReference; lastKnownFileType = text.plist.xml; path = Info.plist; sourceTree = "<group>"; };
		6C7782462278A54A001926B2 /* CheckoutFooter.swift */ = {isa = PBXFileReference; lastKnownFileType = sourcecode.swift; path = CheckoutFooter.swift; sourceTree = "<group>"; };
		6C77824C2278ABB7001926B2 /* CheckoutBottomView.xib */ = {isa = PBXFileReference; lastKnownFileType = file.xib; path = CheckoutBottomView.xib; sourceTree = "<group>"; };
		6C77824E2278ABDC001926B2 /* CheckoutBottomView.swift */ = {isa = PBXFileReference; lastKnownFileType = sourcecode.swift; path = CheckoutBottomView.swift; sourceTree = "<group>"; };
		6C778256227A36F7001926B2 /* HelpViewController.swift */ = {isa = PBXFileReference; lastKnownFileType = sourcecode.swift; path = HelpViewController.swift; sourceTree = "<group>"; };
		6C778259227A3AFF001926B2 /* MyAccountController.swift */ = {isa = PBXFileReference; lastKnownFileType = sourcecode.swift; path = MyAccountController.swift; sourceTree = "<group>"; };
		6C77825B227A3E23001926B2 /* BanksViewController.swift */ = {isa = PBXFileReference; lastKnownFileType = sourcecode.swift; path = BanksViewController.swift; sourceTree = "<group>"; };
		6C77825C227A3E23001926B2 /* BanksViewController.xib */ = {isa = PBXFileReference; lastKnownFileType = file.xib; path = BanksViewController.xib; sourceTree = "<group>"; };
		6C77825F227A3E3D001926B2 /* BankTableCell.swift */ = {isa = PBXFileReference; lastKnownFileType = sourcecode.swift; path = BankTableCell.swift; sourceTree = "<group>"; };
		6C778260227A3E3D001926B2 /* BankTableCell.xib */ = {isa = PBXFileReference; lastKnownFileType = file.xib; path = BankTableCell.xib; sourceTree = "<group>"; };
		6C778263227A9902001926B2 /* StoryBoardIDs.swift */ = {isa = PBXFileReference; lastKnownFileType = sourcecode.swift; path = StoryBoardIDs.swift; sourceTree = "<group>"; };
		6C778265227A9B97001926B2 /* UIViewController+Helpers.swift */ = {isa = PBXFileReference; lastKnownFileType = sourcecode.swift; path = "UIViewController+Helpers.swift"; sourceTree = "<group>"; };
		6C778268227A9F64001926B2 /* SponsersViewController.swift */ = {isa = PBXFileReference; lastKnownFileType = sourcecode.swift; path = SponsersViewController.swift; sourceTree = "<group>"; };
		6C778269227A9F64001926B2 /* SponsersViewController.xib */ = {isa = PBXFileReference; lastKnownFileType = file.xib; path = SponsersViewController.xib; sourceTree = "<group>"; };
		6C77826C227A9FB2001926B2 /* SuccessVisaRequestController.swift */ = {isa = PBXFileReference; lastKnownFileType = sourcecode.swift; path = SuccessVisaRequestController.swift; sourceTree = "<group>"; };
		6C77826D227A9FB2001926B2 /* SuccessVisaRequestController.xib */ = {isa = PBXFileReference; lastKnownFileType = file.xib; path = SuccessVisaRequestController.xib; sourceTree = "<group>"; };
		6C778272227AA196001926B2 /* NewInstituteRequestController.swift */ = {isa = PBXFileReference; lastKnownFileType = sourcecode.swift; path = NewInstituteRequestController.swift; sourceTree = "<group>"; };
		6C778273227AA196001926B2 /* NewInstituteRequestController.xib */ = {isa = PBXFileReference; lastKnownFileType = file.xib; path = NewInstituteRequestController.xib; sourceTree = "<group>"; };
		6C778276227AA26F001926B2 /* InstituteDetailsController.swift */ = {isa = PBXFileReference; lastKnownFileType = sourcecode.swift; path = InstituteDetailsController.swift; sourceTree = "<group>"; };
		6C778277227AA26F001926B2 /* InstituteDetailsController.xib */ = {isa = PBXFileReference; lastKnownFileType = file.xib; path = InstituteDetailsController.xib; sourceTree = "<group>"; };
		6C77827A227AA2C1001926B2 /* SuccessRequestInstituteController.swift */ = {isa = PBXFileReference; lastKnownFileType = sourcecode.swift; path = SuccessRequestInstituteController.swift; sourceTree = "<group>"; };
		6C77827B227AA2C1001926B2 /* SuccessRequestInstituteController.xib */ = {isa = PBXFileReference; lastKnownFileType = file.xib; path = SuccessRequestInstituteController.xib; sourceTree = "<group>"; };
		6C77827E227AA2EC001926B2 /* InstitutesListController.swift */ = {isa = PBXFileReference; lastKnownFileType = sourcecode.swift; path = InstitutesListController.swift; sourceTree = "<group>"; };
		6C77827F227AA2EC001926B2 /* InstitutesListController.xib */ = {isa = PBXFileReference; lastKnownFileType = file.xib; path = InstitutesListController.xib; sourceTree = "<group>"; };
		6C778282227AA33D001926B2 /* InstituteTableCell.swift */ = {isa = PBXFileReference; lastKnownFileType = sourcecode.swift; path = InstituteTableCell.swift; sourceTree = "<group>"; };
		6C778283227AA33D001926B2 /* InstituteTableCell.xib */ = {isa = PBXFileReference; lastKnownFileType = file.xib; path = InstituteTableCell.xib; sourceTree = "<group>"; };
		6C778287227C6EE6001926B2 /* ContactUsViewController.swift */ = {isa = PBXFileReference; lastKnownFileType = sourcecode.swift; path = ContactUsViewController.swift; sourceTree = "<group>"; };
		6C778288227C6EE6001926B2 /* ContactUsViewController.xib */ = {isa = PBXFileReference; lastKnownFileType = file.xib; path = ContactUsViewController.xib; sourceTree = "<group>"; };
		6C77828B227C715A001926B2 /* ImageLabel.swift */ = {isa = PBXFileReference; lastKnownFileType = sourcecode.swift; path = ImageLabel.swift; sourceTree = "<group>"; };
		6C87FAB42270B5D600AFE485 /* NetworkModule.xcodeproj */ = {isa = PBXFileReference; lastKnownFileType = "wrapper.pb-project"; name = NetworkModule.xcodeproj; path = ../NetworkModule/NetworkModule.xcodeproj; sourceTree = "<group>"; };
		6C87FAD82270C6D800AFE485 /* UIColor+Additions.swift */ = {isa = PBXFileReference; fileEncoding = 4; lastKnownFileType = sourcecode.swift; path = "UIColor+Additions.swift"; sourceTree = "<group>"; };
		6C87FADA2270C74000AFE485 /* UserAuthViewController.swift */ = {isa = PBXFileReference; lastKnownFileType = sourcecode.swift; path = UserAuthViewController.swift; sourceTree = "<group>"; };
		6C87FADB2270C74000AFE485 /* UserAuthViewController.xib */ = {isa = PBXFileReference; lastKnownFileType = file.xib; path = UserAuthViewController.xib; sourceTree = "<group>"; };
		6C87FADE2270C75100AFE485 /* LoginViewController.swift */ = {isa = PBXFileReference; lastKnownFileType = sourcecode.swift; path = LoginViewController.swift; sourceTree = "<group>"; };
		6C87FADF2270C75100AFE485 /* LoginViewController.xib */ = {isa = PBXFileReference; lastKnownFileType = file.xib; path = LoginViewController.xib; sourceTree = "<group>"; };
		6C87FAE22270C75F00AFE485 /* SignupViewController.swift */ = {isa = PBXFileReference; lastKnownFileType = sourcecode.swift; path = SignupViewController.swift; sourceTree = "<group>"; };
		6C87FAE32270C75F00AFE485 /* SignupViewController.xib */ = {isa = PBXFileReference; lastKnownFileType = file.xib; path = SignupViewController.xib; sourceTree = "<group>"; };
		6CA040B52281BE0300619B6F /* FloatingTextField.swift */ = {isa = PBXFileReference; lastKnownFileType = sourcecode.swift; path = FloatingTextField.swift; sourceTree = "<group>"; };
		6CC514A0227DC43B00634B5D /* PassangersController.swift */ = {isa = PBXFileReference; lastKnownFileType = sourcecode.swift; path = PassangersController.swift; sourceTree = "<group>"; };
		6CC514A1227DC43B00634B5D /* PassangersController.xib */ = {isa = PBXFileReference; lastKnownFileType = file.xib; path = PassangersController.xib; sourceTree = "<group>"; };
		6CDEBBE42284C55800EC3E6F /* PassangersCountController.swift */ = {isa = PBXFileReference; lastKnownFileType = sourcecode.swift; path = PassangersCountController.swift; sourceTree = "<group>"; };
		6CDEBBE52284C55800EC3E6F /* PassangersCountController.xib */ = {isa = PBXFileReference; lastKnownFileType = file.xib; path = PassangersCountController.xib; sourceTree = "<group>"; };
		6CDEBBEA2284FDA000EC3E6F /* PackagesTableCell.swift */ = {isa = PBXFileReference; lastKnownFileType = sourcecode.swift; path = PackagesTableCell.swift; sourceTree = "<group>"; };
		6CDEBBEB2284FDA000EC3E6F /* PackagesTableCell.xib */ = {isa = PBXFileReference; lastKnownFileType = file.xib; path = PackagesTableCell.xib; sourceTree = "<group>"; };
		6CDEBBEE2285012400EC3E6F /* PackageDetailsController.swift */ = {isa = PBXFileReference; lastKnownFileType = sourcecode.swift; path = PackageDetailsController.swift; sourceTree = "<group>"; };
		6CDEBBEF2285012400EC3E6F /* PackageDetailsController.xib */ = {isa = PBXFileReference; lastKnownFileType = file.xib; path = PackageDetailsController.xib; sourceTree = "<group>"; };
		6CE722EB2274FA1B00E095DC /* VisaRequirementController.swift */ = {isa = PBXFileReference; lastKnownFileType = sourcecode.swift; path = VisaRequirementController.swift; sourceTree = "<group>"; };
		6CE722EC2274FA1B00E095DC /* VisaRequirementController.xib */ = {isa = PBXFileReference; lastKnownFileType = file.xib; path = VisaRequirementController.xib; sourceTree = "<group>"; };
		6CF3E1712271E451007488BA /* Navigator.swift */ = {isa = PBXFileReference; lastKnownFileType = sourcecode.swift; path = Navigator.swift; sourceTree = "<group>"; };
		6CF3E1752271E598007488BA /* RootNavigationViewController.swift */ = {isa = PBXFileReference; lastKnownFileType = sourcecode.swift; path = RootNavigationViewController.swift; sourceTree = "<group>"; };
		6CF3E17D2271E702007488BA /* User.swift */ = {isa = PBXFileReference; lastKnownFileType = sourcecode.swift; path = User.swift; sourceTree = "<group>"; };
		6CF3E17F2271F303007488BA /* ViewControllerActionBarStyle.swift */ = {isa = PBXFileReference; lastKnownFileType = sourcecode.swift; path = ViewControllerActionBarStyle.swift; sourceTree = "<group>"; };
		6CF3E1822271F4B9007488BA /* HomeViewController.swift */ = {isa = PBXFileReference; lastKnownFileType = sourcecode.swift; path = HomeViewController.swift; sourceTree = "<group>"; };
		6CF3E19322724D0C007488BA /* HomeCollectionSection.swift */ = {isa = PBXFileReference; lastKnownFileType = sourcecode.swift; path = HomeCollectionSection.swift; sourceTree = "<group>"; };
		6CF3E19822724E23007488BA /* HomeViewModel.swift */ = {isa = PBXFileReference; fileEncoding = 4; lastKnownFileType = sourcecode.swift; path = HomeViewModel.swift; sourceTree = "<group>"; };
		6CF3E19A22725430007488BA /* VisaCollectionViewCell.swift */ = {isa = PBXFileReference; lastKnownFileType = sourcecode.swift; path = VisaCollectionViewCell.swift; sourceTree = "<group>"; };
		6CF3E19B22725430007488BA /* VisaCollectionViewCell.xib */ = {isa = PBXFileReference; lastKnownFileType = file.xib; path = VisaCollectionViewCell.xib; sourceTree = "<group>"; };
		6CF3E19E22725478007488BA /* OfferCollectionViewCell.swift */ = {isa = PBXFileReference; lastKnownFileType = sourcecode.swift; path = OfferCollectionViewCell.swift; sourceTree = "<group>"; };
		6CF3E19F22725478007488BA /* OfferCollectionViewCell.xib */ = {isa = PBXFileReference; lastKnownFileType = file.xib; path = OfferCollectionViewCell.xib; sourceTree = "<group>"; };
		6CF3E1A2227254A1007488BA /* InstituteCollectionViewCell.swift */ = {isa = PBXFileReference; lastKnownFileType = sourcecode.swift; path = InstituteCollectionViewCell.swift; sourceTree = "<group>"; };
		6CF3E1A3227254A1007488BA /* InstituteCollectionViewCell.xib */ = {isa = PBXFileReference; lastKnownFileType = file.xib; path = InstituteCollectionViewCell.xib; sourceTree = "<group>"; };
		6CF3E1A6227254B7007488BA /* NewsCollectionViewCell.swift */ = {isa = PBXFileReference; lastKnownFileType = sourcecode.swift; path = NewsCollectionViewCell.swift; sourceTree = "<group>"; };
		6CF3E1A7227254B7007488BA /* NewsCollectionViewCell.xib */ = {isa = PBXFileReference; lastKnownFileType = file.xib; path = NewsCollectionViewCell.xib; sourceTree = "<group>"; };
		6CF3E1AA227254DB007488BA /* NewsSectionVM.swift */ = {isa = PBXFileReference; lastKnownFileType = sourcecode.swift; path = NewsSectionVM.swift; sourceTree = "<group>"; };
		6CF3E1AC2272551E007488BA /* VisaRequirementsSectionVM.swift */ = {isa = PBXFileReference; lastKnownFileType = sourcecode.swift; path = VisaRequirementsSectionVM.swift; sourceTree = "<group>"; };
		6CF3E1AE2272558A007488BA /* InstitutesSectionVM.swift */ = {isa = PBXFileReference; lastKnownFileType = sourcecode.swift; path = InstitutesSectionVM.swift; sourceTree = "<group>"; };
		6CF3E1B0227255DC007488BA /* OffersSectionVM.swift */ = {isa = PBXFileReference; lastKnownFileType = sourcecode.swift; path = OffersSectionVM.swift; sourceTree = "<group>"; };
		6CF3E1B222725799007488BA /* Binder.swift */ = {isa = PBXFileReference; lastKnownFileType = sourcecode.swift; path = Binder.swift; sourceTree = "<group>"; };
		6CF3E1B6227268CF007488BA /* HomeCollectionSectionHeader.swift */ = {isa = PBXFileReference; lastKnownFileType = sourcecode.swift; path = HomeCollectionSectionHeader.swift; sourceTree = "<group>"; };
		6CF3E1B7227268CF007488BA /* HomeCollectionSectionHeader.xib */ = {isa = PBXFileReference; lastKnownFileType = file.xib; path = HomeCollectionSectionHeader.xib; sourceTree = "<group>"; };
		6CF3E1C22274B8DB007488BA /* FakeData.swift */ = {isa = PBXFileReference; lastKnownFileType = sourcecode.swift; path = FakeData.swift; sourceTree = "<group>"; };
		6CF3E1CA2274BBE5007488BA /* HomeCollectionSectionWrapper.swift */ = {isa = PBXFileReference; lastKnownFileType = sourcecode.swift; path = HomeCollectionSectionWrapper.swift; sourceTree = "<group>"; };
		6CF3E1CB2274BBE5007488BA /* HomeCollectionSectionWrapper.xib */ = {isa = PBXFileReference; lastKnownFileType = file.xib; path = HomeCollectionSectionWrapper.xib; sourceTree = "<group>"; };
		6D320B700B1358D94E681A70 /* Pods_Direct.framework */ = {isa = PBXFileReference; explicitFileType = wrapper.framework; includeInIndex = 0; path = Pods_Direct.framework; sourceTree = BUILT_PRODUCTS_DIR; };
		8CFE1A8BA236C07146CC7481 /* Pods-Direct.debug.xcconfig */ = {isa = PBXFileReference; includeInIndex = 1; lastKnownFileType = text.xcconfig; name = "Pods-Direct.debug.xcconfig"; path = "Target Support Files/Pods-Direct/Pods-Direct.debug.xcconfig"; sourceTree = "<group>"; };
		D32B7AB6EBFAB4A13A20BC57 /* Pods-Direct.release.xcconfig */ = {isa = PBXFileReference; includeInIndex = 1; lastKnownFileType = text.xcconfig; name = "Pods-Direct.release.xcconfig"; path = "Target Support Files/Pods-Direct/Pods-Direct.release.xcconfig"; sourceTree = "<group>"; };
		F259F96AAEAF2A59F9A36AE1 /* Pods-DirectUITests.debug.xcconfig */ = {isa = PBXFileReference; includeInIndex = 1; lastKnownFileType = text.xcconfig; name = "Pods-DirectUITests.debug.xcconfig"; path = "Target Support Files/Pods-DirectUITests/Pods-DirectUITests.debug.xcconfig"; sourceTree = "<group>"; };
/* End PBXFileReference section */

/* Begin PBXFrameworksBuildPhase section */
		6C5FDA462270816A00ABA39B /* Frameworks */ = {
			isa = PBXFrameworksBuildPhase;
			buildActionMask = 2147483647;
			files = (
				6C87FABD2270B5F400AFE485 /* NetworkModule.framework in Frameworks */,
				EBD586B3E64D029BAC2A9DC2 /* Pods_Direct.framework in Frameworks */,
			);
			runOnlyForDeploymentPostprocessing = 0;
		};
		6C5FDA5A2270816D00ABA39B /* Frameworks */ = {
			isa = PBXFrameworksBuildPhase;
			buildActionMask = 2147483647;
			files = (
				8B1377D46A1E5F719D9E5A12 /* Pods_DirectTests.framework in Frameworks */,
			);
			runOnlyForDeploymentPostprocessing = 0;
		};
		6C5FDA652270816D00ABA39B /* Frameworks */ = {
			isa = PBXFrameworksBuildPhase;
			buildActionMask = 2147483647;
			files = (
				26A9B974FAE8C6E3C5BE0795 /* Pods_DirectUITests.framework in Frameworks */,
			);
			runOnlyForDeploymentPostprocessing = 0;
		};
/* End PBXFrameworksBuildPhase section */

/* Begin PBXGroup section */
		4CC6B4E0C9202DDF4A7591BB /* Pods */ = {
			isa = PBXGroup;
			children = (
				8CFE1A8BA236C07146CC7481 /* Pods-Direct.debug.xcconfig */,
				D32B7AB6EBFAB4A13A20BC57 /* Pods-Direct.release.xcconfig */,
				6B30160045018A20D10805B6 /* Pods-DirectTests.debug.xcconfig */,
				32AD91C3FA31B9C68158A139 /* Pods-DirectTests.release.xcconfig */,
				F259F96AAEAF2A59F9A36AE1 /* Pods-DirectUITests.debug.xcconfig */,
				1E213B895BD777856B962F78 /* Pods-DirectUITests.release.xcconfig */,
			);
			path = Pods;
			sourceTree = "<group>";
		};
		6C2CFB852277411700D23CF4 /* common */ = {
			isa = PBXGroup;
			children = (
				6C2CFB8D2277446600D23CF4 /* SingleRowTableCell.swift */,
				6C2CFB8E2277446600D23CF4 /* SingleRowTableCell.xib */,
				6C2CFB862277419A00D23CF4 /* SelectableTableSheet.swift */,
				6C2CFB872277419A00D23CF4 /* SelectableTableSheet.xib */,
				6C2CFB952277996500D23CF4 /* SpinnerTextField.swift */,
				6C7782462278A54A001926B2 /* CheckoutFooter.swift */,
				6C77824C2278ABB7001926B2 /* CheckoutBottomView.xib */,
				6C77824E2278ABDC001926B2 /* CheckoutBottomView.swift */,
				6C77828B227C715A001926B2 /* ImageLabel.swift */,
			);
			path = common;
			sourceTree = "<group>";
		};
		6C2CFB8A2277421B00D23CF4 /* packages */ = {
			isa = PBXGroup;
			children = (
				6C2CFB8B2277422900D23CF4 /* PackagesViewController.swift */,
				6CDEBBEA2284FDA000EC3E6F /* PackagesTableCell.swift */,
				6CDEBBEB2284FDA000EC3E6F /* PackagesTableCell.xib */,
				6CDEBBEE2285012400EC3E6F /* PackageDetailsController.swift */,
				6CDEBBEF2285012400EC3E6F /* PackageDetailsController.xib */,
			);
			path = packages;
			sourceTree = "<group>";
		};
		6C2CFB9C22789DEA00D23CF4 /* payment */ = {
			isa = PBXGroup;
			children = (
				6C2CFB9D22789E0200D23CF4 /* PaymentViewController.swift */,
				6C2CFB9E22789E0200D23CF4 /* PaymentViewController.xib */,
				6C2CFBA122789F6100D23CF4 /* PaymentMethodTableCell.swift */,
				6C2CFBA222789F6100D23CF4 /* PaymentMethodTableCell.xib */,
				6C2CFBA52278A1C600D23CF4 /* PaymentBranchTableCell.swift */,
				6C2CFBA62278A1C600D23CF4 /* PaymentBranchTableCell.xib */,
				6C77825B227A3E23001926B2 /* BanksViewController.swift */,
				6C77825C227A3E23001926B2 /* BanksViewController.xib */,
				6C77825F227A3E3D001926B2 /* BankTableCell.swift */,
				6C778260227A3E3D001926B2 /* BankTableCell.xib */,
			);
			path = payment;
			sourceTree = "<group>";
		};
		6C5DE7582275C742001A9FB6 /* orders */ = {
			isa = PBXGroup;
			children = (
				6C5DE7592275C763001A9FB6 /* MyOrdersViewController.swift */,
			);
			path = orders;
			sourceTree = "<group>";
		};
		6C5DE771227732D4001A9FB6 /* search */ = {
			isa = PBXGroup;
			children = (
				6C5DE772227732EF001A9FB6 /* SearchViewController.swift */,
				6C5DE7762277330D001A9FB6 /* CountryTableCell.swift */,
				6C5DE7772277330D001A9FB6 /* CountryTableCell.xib */,
			);
			path = search;
			sourceTree = "<group>";
		};
		6C5FDA402270816A00ABA39B = {
			isa = PBXGroup;
			children = (
				6C87FAB42270B5D600AFE485 /* NetworkModule.xcodeproj */,
				6C5FDA4B2270816B00ABA39B /* Direct */,
				6C5FDA602270816D00ABA39B /* DirectTests */,
				6C5FDA6B2270816D00ABA39B /* DirectUITests */,
				6C5FDA4A2270816B00ABA39B /* Products */,
				4CC6B4E0C9202DDF4A7591BB /* Pods */,
				C51928CC1ED281BFEEFBB1BB /* Frameworks */,
			);
			sourceTree = "<group>";
		};
		6C5FDA4A2270816B00ABA39B /* Products */ = {
			isa = PBXGroup;
			children = (
				6C5FDA492270816B00ABA39B /* Direct.app */,
				6C5FDA5D2270816D00ABA39B /* DirectTests.xctest */,
				6C5FDA682270816D00ABA39B /* DirectUITests.xctest */,
			);
			name = Products;
			sourceTree = "<group>";
		};
		6C5FDA4B2270816B00ABA39B /* Direct */ = {
			isa = PBXGroup;
			children = (
				6C87FACF2270C1D500AFE485 /* Scenes */,
				6C5FDA4C2270816B00ABA39B /* AppDelegate.swift */,
				6C5FDA4E2270816B00ABA39B /* ViewController.swift */,
				6C5FDA502270816B00ABA39B /* Main.storyboard */,
				6C5FDA532270816C00ABA39B /* Assets.xcassets */,
				6C5FDA552270816C00ABA39B /* LaunchScreen.storyboard */,
				6C5FDA582270816C00ABA39B /* Info.plist */,
				6CA040B52281BE0300619B6F /* FloatingTextField.swift */,
			);
			path = Direct;
			sourceTree = "<group>";
		};
		6C5FDA602270816D00ABA39B /* DirectTests */ = {
			isa = PBXGroup;
			children = (
				6C5FDA612270816D00ABA39B /* DirectTests.swift */,
				6C5FDA632270816D00ABA39B /* Info.plist */,
			);
			path = DirectTests;
			sourceTree = "<group>";
		};
		6C5FDA6B2270816D00ABA39B /* DirectUITests */ = {
			isa = PBXGroup;
			children = (
				6C5FDA6C2270816D00ABA39B /* DirectUITests.swift */,
				6C5FDA6E2270816D00ABA39B /* Info.plist */,
			);
			path = DirectUITests;
			sourceTree = "<group>";
		};
		6C778253227A36E4001926B2 /* help */ = {
			isa = PBXGroup;
			children = (
				6C778256227A36F7001926B2 /* HelpViewController.swift */,
			);
			path = help;
			sourceTree = "<group>";
		};
		6C778258227A3AE4001926B2 /* my account */ = {
			isa = PBXGroup;
			children = (
				6C778259227A3AFF001926B2 /* MyAccountController.swift */,
			);
			path = "my account";
			sourceTree = "<group>";
		};
		6C778267227A9F4C001926B2 /* sponsers */ = {
			isa = PBXGroup;
			children = (
				6C778268227A9F64001926B2 /* SponsersViewController.swift */,
				6C778269227A9F64001926B2 /* SponsersViewController.xib */,
			);
			path = sponsers;
			sourceTree = "<group>";
		};
		6C778270227AA173001926B2 /* institute */ = {
			isa = PBXGroup;
			children = (
				6C778272227AA196001926B2 /* NewInstituteRequestController.swift */,
				6C778273227AA196001926B2 /* NewInstituteRequestController.xib */,
				6C778276227AA26F001926B2 /* InstituteDetailsController.swift */,
				6C778277227AA26F001926B2 /* InstituteDetailsController.xib */,
				6C77827A227AA2C1001926B2 /* SuccessRequestInstituteController.swift */,
				6C77827B227AA2C1001926B2 /* SuccessRequestInstituteController.xib */,
				6C77827E227AA2EC001926B2 /* InstitutesListController.swift */,
				6C77827F227AA2EC001926B2 /* InstitutesListController.xib */,
				6C778282227AA33D001926B2 /* InstituteTableCell.swift */,
				6C778283227AA33D001926B2 /* InstituteTableCell.xib */,
			);
			path = institute;
			sourceTree = "<group>";
		};
		6C778286227C6EC9001926B2 /* contact us */ = {
			isa = PBXGroup;
			children = (
				6C778287227C6EE6001926B2 /* ContactUsViewController.swift */,
				6C778288227C6EE6001926B2 /* ContactUsViewController.xib */,
			);
			path = "contact us";
			sourceTree = "<group>";
		};
		6C87FAB52270B5D600AFE485 /* Products */ = {
			isa = PBXGroup;
			children = (
				6C87FABA2270B5D600AFE485 /* NetworkModule.framework */,
				6C87FABC2270B5D600AFE485 /* NetworkModuleTests.xctest */,
			);
			name = Products;
			sourceTree = "<group>";
		};
		6C87FACF2270C1D500AFE485 /* Scenes */ = {
			isa = PBXGroup;
			children = (
				6CC5149D227DC02900634B5D /* passangers */,
				6C778286227C6EC9001926B2 /* contact us */,
				6C778270227AA173001926B2 /* institute */,
				6C778267227A9F4C001926B2 /* sponsers */,
				6C778253227A36E4001926B2 /* help */,
				6C2CFB9C22789DEA00D23CF4 /* payment */,
				6C2CFB8A2277421B00D23CF4 /* packages */,
				6C2CFB852277411700D23CF4 /* common */,
				6C5DE771227732D4001A9FB6 /* search */,
				6C5DE7582275C742001A9FB6 /* orders */,
				6CE722E82274F9F700E095DC /* visa */,
				6CF3E1BF2274B8CA007488BA /* fake data */,
				6CF3E17B2271E6D4007488BA /* base */,
				6C87FAD52270C6B700AFE485 /* style */,
				6C87FAD22270C1E300AFE485 /* user */,
				6CF3E1812271F49F007488BA /* Home */,
			);
			path = Scenes;
			sourceTree = "<group>";
		};
		6C87FAD22270C1E300AFE485 /* user */ = {
			isa = PBXGroup;
			children = (
				6C778258227A3AE4001926B2 /* my account */,
				6CF3E17A2271E6B6007488BA /* ui */,
				6CF3E1782271E6A1007488BA /* model */,
				6C87FADA2270C74000AFE485 /* UserAuthViewController.swift */,
				6C87FADB2270C74000AFE485 /* UserAuthViewController.xib */,
				6C87FADE2270C75100AFE485 /* LoginViewController.swift */,
				6C87FADF2270C75100AFE485 /* LoginViewController.xib */,
				6C87FAE22270C75F00AFE485 /* SignupViewController.swift */,
				6C87FAE32270C75F00AFE485 /* SignupViewController.xib */,
			);
			path = user;
			sourceTree = "<group>";
		};
		6C87FAD52270C6B700AFE485 /* style */ = {
			isa = PBXGroup;
			children = (
				6C87FAD82270C6D800AFE485 /* UIColor+Additions.swift */,
				6CF3E17F2271F303007488BA /* ViewControllerActionBarStyle.swift */,
				6C2CFB9722779AFD00D23CF4 /* UIButton+App.swift */,
			);
			path = style;
			sourceTree = "<group>";
		};
		6CC5149D227DC02900634B5D /* passangers */ = {
			isa = PBXGroup;
			children = (
				6CC514A0227DC43B00634B5D /* PassangersController.swift */,
				6CC514A1227DC43B00634B5D /* PassangersController.xib */,
			);
			path = passangers;
			sourceTree = "<group>";
		};
		6CE722E82274F9F700E095DC /* visa */ = {
			isa = PBXGroup;
			children = (
				6CE722EB2274FA1B00E095DC /* VisaRequirementController.swift */,
				6CE722EC2274FA1B00E095DC /* VisaRequirementController.xib */,
				6C5DE7662275EC49001A9FB6 /* VisaRequirementTableCell.swift */,
				6C5DE7672275EC49001A9FB6 /* VisaRequirementTableCell.xib */,
				6C5DE76B22762013001A9FB6 /* RequireVisaSectionHeader.swift */,
				6C5DE76F22762020001A9FB6 /* RequireVisaSectionHeader.xib */,
				6C2CFB912277902400D23CF4 /* NewDirectVisaController.swift */,
				6C2CFB922277902400D23CF4 /* NewDirectVisaController.xib */,
				6C77826C227A9FB2001926B2 /* SuccessVisaRequestController.swift */,
				6C77826D227A9FB2001926B2 /* SuccessVisaRequestController.xib */,
				6CDEBBE42284C55800EC3E6F /* PassangersCountController.swift */,
				6CDEBBE52284C55800EC3E6F /* PassangersCountController.xib */,
			);
			path = visa;
			sourceTree = "<group>";
		};
		6CF3E1782271E6A1007488BA /* model */ = {
			isa = PBXGroup;
			children = (
				6CF3E17D2271E702007488BA /* User.swift */,
			);
			path = model;
			sourceTree = "<group>";
		};
		6CF3E17A2271E6B6007488BA /* ui */ = {
			isa = PBXGroup;
			children = (
			);
			path = ui;
			sourceTree = "<group>";
		};
		6CF3E17B2271E6D4007488BA /* base */ = {
			isa = PBXGroup;
			children = (
				6C5DE7642275DA99001A9FB6 /* UIView.swift */,
				6CF3E1712271E451007488BA /* Navigator.swift */,
				6CF3E1752271E598007488BA /* RootNavigationViewController.swift */,
				6CF3E1B222725799007488BA /* Binder.swift */,
				6C2CFB83227734E700D23CF4 /* TableCell.swift */,
				6C778263227A9902001926B2 /* StoryBoardIDs.swift */,
				6C778265227A9B97001926B2 /* UIViewController+Helpers.swift */,
			);
			path = base;
			sourceTree = "<group>";
		};
		6CF3E1812271F49F007488BA /* Home */ = {
			isa = PBXGroup;
			children = (
				6CF3E19722724E0E007488BA /* view model */,
				6CF3E19022724663007488BA /* UI */,
			);
			path = Home;
			sourceTree = "<group>";
		};
		6CF3E19022724663007488BA /* UI */ = {
			isa = PBXGroup;
			children = (
				6CF3E1C52274B980007488BA /* cells */,
				6CF3E1822271F4B9007488BA /* HomeViewController.swift */,
				6CF3E1CA2274BBE5007488BA /* HomeCollectionSectionWrapper.swift */,
				6CF3E1CB2274BBE5007488BA /* HomeCollectionSectionWrapper.xib */,
			);
			path = UI;
			sourceTree = "<group>";
		};
		6CF3E19722724E0E007488BA /* view model */ = {
			isa = PBXGroup;
			children = (
				6CF3E19322724D0C007488BA /* HomeCollectionSection.swift */,
				6CF3E19822724E23007488BA /* HomeViewModel.swift */,
				6CF3E1AA227254DB007488BA /* NewsSectionVM.swift */,
				6CF3E1AC2272551E007488BA /* VisaRequirementsSectionVM.swift */,
				6CF3E1AE2272558A007488BA /* InstitutesSectionVM.swift */,
				6CF3E1B0227255DC007488BA /* OffersSectionVM.swift */,
			);
			path = "view model";
			sourceTree = "<group>";
		};
		6CF3E1BF2274B8CA007488BA /* fake data */ = {
			isa = PBXGroup;
			children = (
				6CF3E1C22274B8DB007488BA /* FakeData.swift */,
			);
			path = "fake data";
			sourceTree = "<group>";
		};
		6CF3E1C52274B980007488BA /* cells */ = {
			isa = PBXGroup;
			children = (
				6CF3E19E22725478007488BA /* OfferCollectionViewCell.swift */,
				6CF3E19F22725478007488BA /* OfferCollectionViewCell.xib */,
				6CF3E19A22725430007488BA /* VisaCollectionViewCell.swift */,
				6CF3E19B22725430007488BA /* VisaCollectionViewCell.xib */,
				6CF3E1A2227254A1007488BA /* InstituteCollectionViewCell.swift */,
				6CF3E1A3227254A1007488BA /* InstituteCollectionViewCell.xib */,
				6CF3E1A6227254B7007488BA /* NewsCollectionViewCell.swift */,
				6CF3E1A7227254B7007488BA /* NewsCollectionViewCell.xib */,
				6CF3E1B6227268CF007488BA /* HomeCollectionSectionHeader.swift */,
				6CF3E1B7227268CF007488BA /* HomeCollectionSectionHeader.xib */,
			);
			path = cells;
			sourceTree = "<group>";
		};
		C51928CC1ED281BFEEFBB1BB /* Frameworks */ = {
			isa = PBXGroup;
			children = (
				6D320B700B1358D94E681A70 /* Pods_Direct.framework */,
				29A2B8F6171281AB2F94BE3F /* Pods_DirectTests.framework */,
				121B9A8C3675B423D5D78B5B /* Pods_DirectUITests.framework */,
			);
			name = Frameworks;
			sourceTree = "<group>";
		};
/* End PBXGroup section */

/* Begin PBXNativeTarget section */
		6C5FDA482270816A00ABA39B /* Direct */ = {
			isa = PBXNativeTarget;
			buildConfigurationList = 6C5FDA712270816D00ABA39B /* Build configuration list for PBXNativeTarget "Direct" */;
			buildPhases = (
				EFE4E6DDFCF4D31054F26A7D /* [CP] Check Pods Manifest.lock */,
				6C5FDA452270816A00ABA39B /* Sources */,
				6C5FDA462270816A00ABA39B /* Frameworks */,
				6C5FDA472270816A00ABA39B /* Resources */,
				1C09AB034885A71C0DB09523 /* [CP] Embed Pods Frameworks */,
				6CA040B12281AFBB00619B6F /* IBAnalyzer */,
			);
			buildRules = (
			);
			dependencies = (
			);
			name = Direct;
			productName = Direct;
			productReference = 6C5FDA492270816B00ABA39B /* Direct.app */;
			productType = "com.apple.product-type.application";
		};
		6C5FDA5C2270816D00ABA39B /* DirectTests */ = {
			isa = PBXNativeTarget;
			buildConfigurationList = 6C5FDA742270816D00ABA39B /* Build configuration list for PBXNativeTarget "DirectTests" */;
			buildPhases = (
				7D9D02D8A60443E2A9C8E541 /* [CP] Check Pods Manifest.lock */,
				6C5FDA592270816D00ABA39B /* Sources */,
				6C5FDA5A2270816D00ABA39B /* Frameworks */,
				6C5FDA5B2270816D00ABA39B /* Resources */,
			);
			buildRules = (
			);
			dependencies = (
				6C5FDA5F2270816D00ABA39B /* PBXTargetDependency */,
			);
			name = DirectTests;
			productName = DirectTests;
			productReference = 6C5FDA5D2270816D00ABA39B /* DirectTests.xctest */;
			productType = "com.apple.product-type.bundle.unit-test";
		};
		6C5FDA672270816D00ABA39B /* DirectUITests */ = {
			isa = PBXNativeTarget;
			buildConfigurationList = 6C5FDA772270816D00ABA39B /* Build configuration list for PBXNativeTarget "DirectUITests" */;
			buildPhases = (
				CD6457B82957859ECE880F44 /* [CP] Check Pods Manifest.lock */,
				6C5FDA642270816D00ABA39B /* Sources */,
				6C5FDA652270816D00ABA39B /* Frameworks */,
				6C5FDA662270816D00ABA39B /* Resources */,
			);
			buildRules = (
			);
			dependencies = (
				6C5FDA6A2270816D00ABA39B /* PBXTargetDependency */,
			);
			name = DirectUITests;
			productName = DirectUITests;
			productReference = 6C5FDA682270816D00ABA39B /* DirectUITests.xctest */;
			productType = "com.apple.product-type.bundle.ui-testing";
		};
/* End PBXNativeTarget section */

/* Begin PBXProject section */
		6C5FDA412270816A00ABA39B /* Project object */ = {
			isa = PBXProject;
			attributes = {
				LastSwiftUpdateCheck = 1010;
				LastUpgradeCheck = 1010;
				ORGANIZATIONNAME = abuzeid;
				TargetAttributes = {
					6C5FDA482270816A00ABA39B = {
						CreatedOnToolsVersion = 10.1;
					};
					6C5FDA5C2270816D00ABA39B = {
						CreatedOnToolsVersion = 10.1;
						TestTargetID = 6C5FDA482270816A00ABA39B;
					};
					6C5FDA672270816D00ABA39B = {
						CreatedOnToolsVersion = 10.1;
						TestTargetID = 6C5FDA482270816A00ABA39B;
					};
				};
			};
			buildConfigurationList = 6C5FDA442270816A00ABA39B /* Build configuration list for PBXProject "Direct" */;
			compatibilityVersion = "Xcode 9.3";
			developmentRegion = en;
			hasScannedForEncodings = 0;
			knownRegions = (
				en,
				Base,
			);
			mainGroup = 6C5FDA402270816A00ABA39B;
			productRefGroup = 6C5FDA4A2270816B00ABA39B /* Products */;
			projectDirPath = "";
			projectReferences = (
				{
					ProductGroup = 6C87FAB52270B5D600AFE485 /* Products */;
					ProjectRef = 6C87FAB42270B5D600AFE485 /* NetworkModule.xcodeproj */;
				},
			);
			projectRoot = "";
			targets = (
				6C5FDA482270816A00ABA39B /* Direct */,
				6C5FDA5C2270816D00ABA39B /* DirectTests */,
				6C5FDA672270816D00ABA39B /* DirectUITests */,
			);
		};
/* End PBXProject section */

/* Begin PBXReferenceProxy section */
		6C87FABA2270B5D600AFE485 /* NetworkModule.framework */ = {
			isa = PBXReferenceProxy;
			fileType = wrapper.framework;
			path = NetworkModule.framework;
			remoteRef = 6C87FAB92270B5D600AFE485 /* PBXContainerItemProxy */;
			sourceTree = BUILT_PRODUCTS_DIR;
		};
		6C87FABC2270B5D600AFE485 /* NetworkModuleTests.xctest */ = {
			isa = PBXReferenceProxy;
			fileType = wrapper.cfbundle;
			path = NetworkModuleTests.xctest;
			remoteRef = 6C87FABB2270B5D600AFE485 /* PBXContainerItemProxy */;
			sourceTree = BUILT_PRODUCTS_DIR;
		};
/* End PBXReferenceProxy section */

/* Begin PBXResourcesBuildPhase section */
		6C5FDA472270816A00ABA39B /* Resources */ = {
			isa = PBXResourcesBuildPhase;
			buildActionMask = 2147483647;
			files = (
				6C2CFB892277419A00D23CF4 /* SelectableTableSheet.xib in Resources */,
				6C87FAE52270C75F00AFE485 /* SignupViewController.xib in Resources */,
				6C87FAE12270C75100AFE485 /* LoginViewController.xib in Resources */,
				6C77826B227A9F64001926B2 /* SponsersViewController.xib in Resources */,
				6C77824D2278ABB7001926B2 /* CheckoutBottomView.xib in Resources */,
				6CDEBBED2284FDA000EC3E6F /* PackagesTableCell.xib in Resources */,
				6C77827D227AA2C1001926B2 /* SuccessRequestInstituteController.xib in Resources */,
				6C778285227AA33D001926B2 /* InstituteTableCell.xib in Resources */,
				6CF3E1A5227254A1007488BA /* InstituteCollectionViewCell.xib in Resources */,
				6C2CFBA422789F6100D23CF4 /* PaymentMethodTableCell.xib in Resources */,
				6C5DE7692275EC49001A9FB6 /* VisaRequirementTableCell.xib in Resources */,
				6CDEBBE72284C55800EC3E6F /* PassangersCountController.xib in Resources */,
				6C778275227AA196001926B2 /* NewInstituteRequestController.xib in Resources */,
				6CF3E1CD2274BBE5007488BA /* HomeCollectionSectionWrapper.xib in Resources */,
				6C778279227AA26F001926B2 /* InstituteDetailsController.xib in Resources */,
				6C2CFBA82278A1C600D23CF4 /* PaymentBranchTableCell.xib in Resources */,
				6C2CFB942277902400D23CF4 /* NewDirectVisaController.xib in Resources */,
				6C77826F227A9FB2001926B2 /* SuccessVisaRequestController.xib in Resources */,
				6C5DE7792277330D001A9FB6 /* CountryTableCell.xib in Resources */,
				6CF3E1A122725478007488BA /* OfferCollectionViewCell.xib in Resources */,
				6C77828A227C6EE6001926B2 /* ContactUsViewController.xib in Resources */,
				6C2CFBA022789E0200D23CF4 /* PaymentViewController.xib in Resources */,
				6CC514A3227DC43B00634B5D /* PassangersController.xib in Resources */,
				6C5FDA572270816C00ABA39B /* LaunchScreen.storyboard in Resources */,
				6C5FDA542270816C00ABA39B /* Assets.xcassets in Resources */,
				6C5FDA522270816B00ABA39B /* Main.storyboard in Resources */,
				6CF3E1B9227268CF007488BA /* HomeCollectionSectionHeader.xib in Resources */,
				6CF3E19D22725430007488BA /* VisaCollectionViewCell.xib in Resources */,
				6C778281227AA2EC001926B2 /* InstitutesListController.xib in Resources */,
				6C778262227A3E3D001926B2 /* BankTableCell.xib in Resources */,
				6C5DE77022762020001A9FB6 /* RequireVisaSectionHeader.xib in Resources */,
				6C87FADD2270C74000AFE485 /* UserAuthViewController.xib in Resources */,
				6CDEBBF12285012400EC3E6F /* PackageDetailsController.xib in Resources */,
				6CE722EE2274FA1B00E095DC /* VisaRequirementController.xib in Resources */,
				6C2CFB902277446600D23CF4 /* SingleRowTableCell.xib in Resources */,
				6C77825E227A3E23001926B2 /* BanksViewController.xib in Resources */,
				6CF3E1A9227254B7007488BA /* NewsCollectionViewCell.xib in Resources */,
			);
			runOnlyForDeploymentPostprocessing = 0;
		};
		6C5FDA5B2270816D00ABA39B /* Resources */ = {
			isa = PBXResourcesBuildPhase;
			buildActionMask = 2147483647;
			files = (
			);
			runOnlyForDeploymentPostprocessing = 0;
		};
		6C5FDA662270816D00ABA39B /* Resources */ = {
			isa = PBXResourcesBuildPhase;
			buildActionMask = 2147483647;
			files = (
			);
			runOnlyForDeploymentPostprocessing = 0;
		};
/* End PBXResourcesBuildPhase section */

/* Begin PBXShellScriptBuildPhase section */
		1C09AB034885A71C0DB09523 /* [CP] Embed Pods Frameworks */ = {
			isa = PBXShellScriptBuildPhase;
			buildActionMask = 2147483647;
			files = (
			);
			inputFileListPaths = (
			);
			inputPaths = (
				"${PODS_ROOT}/Target Support Files/Pods-Direct/Pods-Direct-frameworks.sh",
				"${BUILT_PRODUCTS_DIR}/Differentiator/Differentiator.framework",
				"${BUILT_PRODUCTS_DIR}/Hero/Hero.framework",
				"${BUILT_PRODUCTS_DIR}/PanModal/PanModal.framework",
				"${BUILT_PRODUCTS_DIR}/RxCocoa/RxCocoa.framework",
				"${BUILT_PRODUCTS_DIR}/RxDataSources/RxDataSources.framework",
				"${BUILT_PRODUCTS_DIR}/RxGesture/RxGesture.framework",
				"${BUILT_PRODUCTS_DIR}/RxSwift/RxSwift.framework",
				"${BUILT_PRODUCTS_DIR}/SkyFloatingLabelTextField/SkyFloatingLabelTextField.framework",
			);
			name = "[CP] Embed Pods Frameworks";
			outputFileListPaths = (
			);
			outputPaths = (
				"${TARGET_BUILD_DIR}/${FRAMEWORKS_FOLDER_PATH}/Differentiator.framework",
				"${TARGET_BUILD_DIR}/${FRAMEWORKS_FOLDER_PATH}/Hero.framework",
				"${TARGET_BUILD_DIR}/${FRAMEWORKS_FOLDER_PATH}/PanModal.framework",
				"${TARGET_BUILD_DIR}/${FRAMEWORKS_FOLDER_PATH}/RxCocoa.framework",
				"${TARGET_BUILD_DIR}/${FRAMEWORKS_FOLDER_PATH}/RxDataSources.framework",
				"${TARGET_BUILD_DIR}/${FRAMEWORKS_FOLDER_PATH}/RxGesture.framework",
				"${TARGET_BUILD_DIR}/${FRAMEWORKS_FOLDER_PATH}/RxSwift.framework",
				"${TARGET_BUILD_DIR}/${FRAMEWORKS_FOLDER_PATH}/SkyFloatingLabelTextField.framework",
			);
			runOnlyForDeploymentPostprocessing = 0;
			shellPath = /bin/sh;
			shellScript = "\"${PODS_ROOT}/Target Support Files/Pods-Direct/Pods-Direct-frameworks.sh\"\n";
			showEnvVarsInLog = 0;
		};
		6CA040B12281AFBB00619B6F /* IBAnalyzer */ = {
			isa = PBXShellScriptBuildPhase;
			buildActionMask = 2147483647;
			files = (
			);
			inputFileListPaths = (
			);
			inputPaths = (
			);
			name = IBAnalyzer;
			outputFileListPaths = (
			);
			outputPaths = (
			);
			runOnlyForDeploymentPostprocessing = 0;
			shellPath = /bin/sh;
			shellScript = "\"${PODS_ROOT}/IBAnalyzer/bin/ibanalyzer\" ./\n";
		};
		7D9D02D8A60443E2A9C8E541 /* [CP] Check Pods Manifest.lock */ = {
			isa = PBXShellScriptBuildPhase;
			buildActionMask = 2147483647;
			files = (
			);
			inputFileListPaths = (
			);
			inputPaths = (
				"${PODS_PODFILE_DIR_PATH}/Podfile.lock",
				"${PODS_ROOT}/Manifest.lock",
			);
			name = "[CP] Check Pods Manifest.lock";
			outputFileListPaths = (
			);
			outputPaths = (
				"$(DERIVED_FILE_DIR)/Pods-DirectTests-checkManifestLockResult.txt",
			);
			runOnlyForDeploymentPostprocessing = 0;
			shellPath = /bin/sh;
			shellScript = "diff \"${PODS_PODFILE_DIR_PATH}/Podfile.lock\" \"${PODS_ROOT}/Manifest.lock\" > /dev/null\nif [ $? != 0 ] ; then\n    # print error to STDERR\n    echo \"error: The sandbox is not in sync with the Podfile.lock. Run 'pod install' or update your CocoaPods installation.\" >&2\n    exit 1\nfi\n# This output is used by Xcode 'outputs' to avoid re-running this script phase.\necho \"SUCCESS\" > \"${SCRIPT_OUTPUT_FILE_0}\"\n";
			showEnvVarsInLog = 0;
		};
		CD6457B82957859ECE880F44 /* [CP] Check Pods Manifest.lock */ = {
			isa = PBXShellScriptBuildPhase;
			buildActionMask = 2147483647;
			files = (
			);
			inputFileListPaths = (
			);
			inputPaths = (
				"${PODS_PODFILE_DIR_PATH}/Podfile.lock",
				"${PODS_ROOT}/Manifest.lock",
			);
			name = "[CP] Check Pods Manifest.lock";
			outputFileListPaths = (
			);
			outputPaths = (
				"$(DERIVED_FILE_DIR)/Pods-DirectUITests-checkManifestLockResult.txt",
			);
			runOnlyForDeploymentPostprocessing = 0;
			shellPath = /bin/sh;
			shellScript = "diff \"${PODS_PODFILE_DIR_PATH}/Podfile.lock\" \"${PODS_ROOT}/Manifest.lock\" > /dev/null\nif [ $? != 0 ] ; then\n    # print error to STDERR\n    echo \"error: The sandbox is not in sync with the Podfile.lock. Run 'pod install' or update your CocoaPods installation.\" >&2\n    exit 1\nfi\n# This output is used by Xcode 'outputs' to avoid re-running this script phase.\necho \"SUCCESS\" > \"${SCRIPT_OUTPUT_FILE_0}\"\n";
			showEnvVarsInLog = 0;
		};
		EFE4E6DDFCF4D31054F26A7D /* [CP] Check Pods Manifest.lock */ = {
			isa = PBXShellScriptBuildPhase;
			buildActionMask = 2147483647;
			files = (
			);
			inputFileListPaths = (
			);
			inputPaths = (
				"${PODS_PODFILE_DIR_PATH}/Podfile.lock",
				"${PODS_ROOT}/Manifest.lock",
			);
			name = "[CP] Check Pods Manifest.lock";
			outputFileListPaths = (
			);
			outputPaths = (
				"$(DERIVED_FILE_DIR)/Pods-Direct-checkManifestLockResult.txt",
			);
			runOnlyForDeploymentPostprocessing = 0;
			shellPath = /bin/sh;
			shellScript = "diff \"${PODS_PODFILE_DIR_PATH}/Podfile.lock\" \"${PODS_ROOT}/Manifest.lock\" > /dev/null\nif [ $? != 0 ] ; then\n    # print error to STDERR\n    echo \"error: The sandbox is not in sync with the Podfile.lock. Run 'pod install' or update your CocoaPods installation.\" >&2\n    exit 1\nfi\n# This output is used by Xcode 'outputs' to avoid re-running this script phase.\necho \"SUCCESS\" > \"${SCRIPT_OUTPUT_FILE_0}\"\n";
			showEnvVarsInLog = 0;
		};
/* End PBXShellScriptBuildPhase section */

/* Begin PBXSourcesBuildPhase section */
		6C5FDA452270816A00ABA39B /* Sources */ = {
			isa = PBXSourcesBuildPhase;
			buildActionMask = 2147483647;
			files = (
				6CF3E1AF2272558A007488BA /* InstitutesSectionVM.swift in Sources */,
				6C77827C227AA2C1001926B2 /* SuccessRequestInstituteController.swift in Sources */,
				6C5DE75A2275C763001A9FB6 /* MyOrdersViewController.swift in Sources */,
				6C778278227AA26F001926B2 /* InstituteDetailsController.swift in Sources */,
				6C778261227A3E3D001926B2 /* BankTableCell.swift in Sources */,
				6C778280227AA2EC001926B2 /* InstitutesListController.swift in Sources */,
				6CF3E1762271E598007488BA /* RootNavigationViewController.swift in Sources */,
				6C77825A227A3AFF001926B2 /* MyAccountController.swift in Sources */,
				6CDEBBEC2284FDA000EC3E6F /* PackagesTableCell.swift in Sources */,
				6C7782472278A54A001926B2 /* CheckoutFooter.swift in Sources */,
				6C778257227A36F7001926B2 /* HelpViewController.swift in Sources */,
				6CF3E19C22725430007488BA /* VisaCollectionViewCell.swift in Sources */,
				6C2CFBA322789F6100D23CF4 /* PaymentMethodTableCell.swift in Sources */,
				6C778274227AA196001926B2 /* NewInstituteRequestController.swift in Sources */,
				6CF3E1B8227268CF007488BA /* HomeCollectionSectionHeader.swift in Sources */,
				6CDEBBF02285012400EC3E6F /* PackageDetailsController.swift in Sources */,
				6CF3E1722271E451007488BA /* Navigator.swift in Sources */,
				6C2CFB882277419A00D23CF4 /* SelectableTableSheet.swift in Sources */,
				6CF3E1802271F303007488BA /* ViewControllerActionBarStyle.swift in Sources */,
				6C5DE774227732EF001A9FB6 /* SearchViewController.swift in Sources */,
				6CF3E1A8227254B7007488BA /* NewsCollectionViewCell.swift in Sources */,
				6CF3E1A4227254A1007488BA /* InstituteCollectionViewCell.swift in Sources */,
				6C77824F2278ABDC001926B2 /* CheckoutBottomView.swift in Sources */,
				6C2CFB932277902400D23CF4 /* NewDirectVisaController.swift in Sources */,
				6C87FAE42270C75F00AFE485 /* SignupViewController.swift in Sources */,
				6CA040B62281BE0300619B6F /* FloatingTextField.swift in Sources */,
				6C5FDA4F2270816B00ABA39B /* ViewController.swift in Sources */,
				6CE722ED2274FA1B00E095DC /* VisaRequirementController.swift in Sources */,
				6C778289227C6EE6001926B2 /* ContactUsViewController.swift in Sources */,
				6C5DE7782277330D001A9FB6 /* CountryTableCell.swift in Sources */,
				6CF3E1B322725799007488BA /* Binder.swift in Sources */,
				6C5FDA4D2270816B00ABA39B /* AppDelegate.swift in Sources */,
				6CF3E17E2271E702007488BA /* User.swift in Sources */,
				6CF3E19422724D0C007488BA /* HomeCollectionSection.swift in Sources */,
				6C77826E227A9FB2001926B2 /* SuccessVisaRequestController.swift in Sources */,
				6C2CFB84227734E700D23CF4 /* TableCell.swift in Sources */,
				6C5DE7682275EC49001A9FB6 /* VisaRequirementTableCell.swift in Sources */,
				6CF3E19922724E23007488BA /* HomeViewModel.swift in Sources */,
				6CF3E1B1227255DC007488BA /* OffersSectionVM.swift in Sources */,
				6CF3E1A022725478007488BA /* OfferCollectionViewCell.swift in Sources */,
				6C77826A227A9F64001926B2 /* SponsersViewController.swift in Sources */,
				6CF3E1AB227254DB007488BA /* NewsSectionVM.swift in Sources */,
				6C5DE76C22762013001A9FB6 /* RequireVisaSectionHeader.swift in Sources */,
				6C2CFB9F22789E0200D23CF4 /* PaymentViewController.swift in Sources */,
				6CF3E1C32274B8DB007488BA /* FakeData.swift in Sources */,
				6CF3E1CC2274BBE5007488BA /* HomeCollectionSectionWrapper.swift in Sources */,
				6C77825D227A3E23001926B2 /* BanksViewController.swift in Sources */,
				6C778264227A9902001926B2 /* StoryBoardIDs.swift in Sources */,
				6C778266227A9B97001926B2 /* UIViewController+Helpers.swift in Sources */,
				6C2CFB962277996500D23CF4 /* SpinnerTextField.swift in Sources */,
				6C77828C227C715A001926B2 /* ImageLabel.swift in Sources */,
				6CF3E1842271F4B9007488BA /* HomeViewController.swift in Sources */,
				6CDEBBE62284C55800EC3E6F /* PassangersCountController.swift in Sources */,
				6CF3E1AD2272551E007488BA /* VisaRequirementsSectionVM.swift in Sources */,
				6C5DE7652275DA99001A9FB6 /* UIView.swift in Sources */,
				6C87FAD92270C6D800AFE485 /* UIColor+Additions.swift in Sources */,
				6C778284227AA33D001926B2 /* InstituteTableCell.swift in Sources */,
				6C87FAE02270C75100AFE485 /* LoginViewController.swift in Sources */,
				6C2CFB8F2277446600D23CF4 /* SingleRowTableCell.swift in Sources */,
				6C2CFB9822779AFD00D23CF4 /* UIButton+App.swift in Sources */,
				6CC514A2227DC43B00634B5D /* PassangersController.swift in Sources */,
				6C2CFBA72278A1C600D23CF4 /* PaymentBranchTableCell.swift in Sources */,
				6C2CFB8C2277422900D23CF4 /* PackagesViewController.swift in Sources */,
				6C87FADC2270C74000AFE485 /* UserAuthViewController.swift in Sources */,
			);
			runOnlyForDeploymentPostprocessing = 0;
		};
		6C5FDA592270816D00ABA39B /* Sources */ = {
			isa = PBXSourcesBuildPhase;
			buildActionMask = 2147483647;
			files = (
				6C5FDA622270816D00ABA39B /* DirectTests.swift in Sources */,
			);
			runOnlyForDeploymentPostprocessing = 0;
		};
		6C5FDA642270816D00ABA39B /* Sources */ = {
			isa = PBXSourcesBuildPhase;
			buildActionMask = 2147483647;
			files = (
				6C5FDA6D2270816D00ABA39B /* DirectUITests.swift in Sources */,
			);
			runOnlyForDeploymentPostprocessing = 0;
		};
/* End PBXSourcesBuildPhase section */

/* Begin PBXTargetDependency section */
		6C5FDA5F2270816D00ABA39B /* PBXTargetDependency */ = {
			isa = PBXTargetDependency;
			target = 6C5FDA482270816A00ABA39B /* Direct */;
			targetProxy = 6C5FDA5E2270816D00ABA39B /* PBXContainerItemProxy */;
		};
		6C5FDA6A2270816D00ABA39B /* PBXTargetDependency */ = {
			isa = PBXTargetDependency;
			target = 6C5FDA482270816A00ABA39B /* Direct */;
			targetProxy = 6C5FDA692270816D00ABA39B /* PBXContainerItemProxy */;
		};
/* End PBXTargetDependency section */

/* Begin PBXVariantGroup section */
		6C5FDA502270816B00ABA39B /* Main.storyboard */ = {
			isa = PBXVariantGroup;
			children = (
				6C5FDA512270816B00ABA39B /* Base */,
			);
			name = Main.storyboard;
			sourceTree = "<group>";
		};
		6C5FDA552270816C00ABA39B /* LaunchScreen.storyboard */ = {
			isa = PBXVariantGroup;
			children = (
				6C5FDA562270816C00ABA39B /* Base */,
			);
			name = LaunchScreen.storyboard;
			sourceTree = "<group>";
		};
/* End PBXVariantGroup section */

/* Begin XCBuildConfiguration section */
		6C5FDA6F2270816D00ABA39B /* Debug */ = {
			isa = XCBuildConfiguration;
			buildSettings = {
				ALWAYS_SEARCH_USER_PATHS = NO;
				CLANG_ANALYZER_NONNULL = YES;
				CLANG_ANALYZER_NUMBER_OBJECT_CONVERSION = YES_AGGRESSIVE;
				CLANG_CXX_LANGUAGE_STANDARD = "gnu++14";
				CLANG_CXX_LIBRARY = "libc++";
				CLANG_ENABLE_MODULES = YES;
				CLANG_ENABLE_OBJC_ARC = YES;
				CLANG_ENABLE_OBJC_WEAK = YES;
				CLANG_WARN_BLOCK_CAPTURE_AUTORELEASING = YES;
				CLANG_WARN_BOOL_CONVERSION = YES;
				CLANG_WARN_COMMA = YES;
				CLANG_WARN_CONSTANT_CONVERSION = YES;
				CLANG_WARN_DEPRECATED_OBJC_IMPLEMENTATIONS = YES;
				CLANG_WARN_DIRECT_OBJC_ISA_USAGE = YES_ERROR;
				CLANG_WARN_DOCUMENTATION_COMMENTS = YES;
				CLANG_WARN_EMPTY_BODY = YES;
				CLANG_WARN_ENUM_CONVERSION = YES;
				CLANG_WARN_INFINITE_RECURSION = YES;
				CLANG_WARN_INT_CONVERSION = YES;
				CLANG_WARN_NON_LITERAL_NULL_CONVERSION = YES;
				CLANG_WARN_OBJC_IMPLICIT_RETAIN_SELF = YES;
				CLANG_WARN_OBJC_LITERAL_CONVERSION = YES;
				CLANG_WARN_OBJC_ROOT_CLASS = YES_ERROR;
				CLANG_WARN_RANGE_LOOP_ANALYSIS = YES;
				CLANG_WARN_STRICT_PROTOTYPES = YES;
				CLANG_WARN_SUSPICIOUS_MOVE = YES;
				CLANG_WARN_UNGUARDED_AVAILABILITY = YES_AGGRESSIVE;
				CLANG_WARN_UNREACHABLE_CODE = YES;
				CLANG_WARN__DUPLICATE_METHOD_MATCH = YES;
				CODE_SIGN_IDENTITY = "iPhone Developer";
				COPY_PHASE_STRIP = NO;
				DEBUG_INFORMATION_FORMAT = dwarf;
				ENABLE_STRICT_OBJC_MSGSEND = YES;
				ENABLE_TESTABILITY = YES;
				GCC_C_LANGUAGE_STANDARD = gnu11;
				GCC_DYNAMIC_NO_PIC = NO;
				GCC_NO_COMMON_BLOCKS = YES;
				GCC_OPTIMIZATION_LEVEL = 0;
				GCC_PREPROCESSOR_DEFINITIONS = (
					"DEBUG=1",
					"$(inherited)",
				);
				GCC_WARN_64_TO_32_BIT_CONVERSION = YES;
				GCC_WARN_ABOUT_RETURN_TYPE = YES_ERROR;
				GCC_WARN_UNDECLARED_SELECTOR = YES;
				GCC_WARN_UNINITIALIZED_AUTOS = YES_AGGRESSIVE;
				GCC_WARN_UNUSED_FUNCTION = YES;
				GCC_WARN_UNUSED_VARIABLE = YES;
				IPHONEOS_DEPLOYMENT_TARGET = 12.1;
				MTL_ENABLE_DEBUG_INFO = INCLUDE_SOURCE;
				MTL_FAST_MATH = YES;
				ONLY_ACTIVE_ARCH = YES;
				SDKROOT = iphoneos;
				SWIFT_ACTIVE_COMPILATION_CONDITIONS = DEBUG;
				SWIFT_OPTIMIZATION_LEVEL = "-Onone";
			};
			name = Debug;
		};
		6C5FDA702270816D00ABA39B /* Release */ = {
			isa = XCBuildConfiguration;
			buildSettings = {
				ALWAYS_SEARCH_USER_PATHS = NO;
				CLANG_ANALYZER_NONNULL = YES;
				CLANG_ANALYZER_NUMBER_OBJECT_CONVERSION = YES_AGGRESSIVE;
				CLANG_CXX_LANGUAGE_STANDARD = "gnu++14";
				CLANG_CXX_LIBRARY = "libc++";
				CLANG_ENABLE_MODULES = YES;
				CLANG_ENABLE_OBJC_ARC = YES;
				CLANG_ENABLE_OBJC_WEAK = YES;
				CLANG_WARN_BLOCK_CAPTURE_AUTORELEASING = YES;
				CLANG_WARN_BOOL_CONVERSION = YES;
				CLANG_WARN_COMMA = YES;
				CLANG_WARN_CONSTANT_CONVERSION = YES;
				CLANG_WARN_DEPRECATED_OBJC_IMPLEMENTATIONS = YES;
				CLANG_WARN_DIRECT_OBJC_ISA_USAGE = YES_ERROR;
				CLANG_WARN_DOCUMENTATION_COMMENTS = YES;
				CLANG_WARN_EMPTY_BODY = YES;
				CLANG_WARN_ENUM_CONVERSION = YES;
				CLANG_WARN_INFINITE_RECURSION = YES;
				CLANG_WARN_INT_CONVERSION = YES;
				CLANG_WARN_NON_LITERAL_NULL_CONVERSION = YES;
				CLANG_WARN_OBJC_IMPLICIT_RETAIN_SELF = YES;
				CLANG_WARN_OBJC_LITERAL_CONVERSION = YES;
				CLANG_WARN_OBJC_ROOT_CLASS = YES_ERROR;
				CLANG_WARN_RANGE_LOOP_ANALYSIS = YES;
				CLANG_WARN_STRICT_PROTOTYPES = YES;
				CLANG_WARN_SUSPICIOUS_MOVE = YES;
				CLANG_WARN_UNGUARDED_AVAILABILITY = YES_AGGRESSIVE;
				CLANG_WARN_UNREACHABLE_CODE = YES;
				CLANG_WARN__DUPLICATE_METHOD_MATCH = YES;
				CODE_SIGN_IDENTITY = "iPhone Developer";
				COPY_PHASE_STRIP = NO;
				DEBUG_INFORMATION_FORMAT = "dwarf-with-dsym";
				ENABLE_NS_ASSERTIONS = NO;
				ENABLE_STRICT_OBJC_MSGSEND = YES;
				GCC_C_LANGUAGE_STANDARD = gnu11;
				GCC_NO_COMMON_BLOCKS = YES;
				GCC_WARN_64_TO_32_BIT_CONVERSION = YES;
				GCC_WARN_ABOUT_RETURN_TYPE = YES_ERROR;
				GCC_WARN_UNDECLARED_SELECTOR = YES;
				GCC_WARN_UNINITIALIZED_AUTOS = YES_AGGRESSIVE;
				GCC_WARN_UNUSED_FUNCTION = YES;
				GCC_WARN_UNUSED_VARIABLE = YES;
				IPHONEOS_DEPLOYMENT_TARGET = 12.1;
				MTL_ENABLE_DEBUG_INFO = NO;
				MTL_FAST_MATH = YES;
				SDKROOT = iphoneos;
				SWIFT_COMPILATION_MODE = wholemodule;
				SWIFT_OPTIMIZATION_LEVEL = "-O";
				VALIDATE_PRODUCT = YES;
			};
			name = Release;
		};
		6C5FDA722270816D00ABA39B /* Debug */ = {
			isa = XCBuildConfiguration;
			baseConfigurationReference = 8CFE1A8BA236C07146CC7481 /* Pods-Direct.debug.xcconfig */;
			buildSettings = {
				ASSETCATALOG_COMPILER_APPICON_NAME = AppIcon;
				CODE_SIGN_STYLE = Automatic;
				INFOPLIST_FILE = Direct/Info.plist;
				LD_RUNPATH_SEARCH_PATHS = (
					"$(inherited)",
					"@executable_path/Frameworks",
				);
				PRODUCT_BUNDLE_IDENTIFIER = abuzeid.Direct;
				PRODUCT_NAME = "$(TARGET_NAME)";
				SWIFT_VERSION = 4.2;
				TARGETED_DEVICE_FAMILY = "1,2";
			};
			name = Debug;
		};
		6C5FDA732270816D00ABA39B /* Release */ = {
			isa = XCBuildConfiguration;
			baseConfigurationReference = D32B7AB6EBFAB4A13A20BC57 /* Pods-Direct.release.xcconfig */;
			buildSettings = {
				ASSETCATALOG_COMPILER_APPICON_NAME = AppIcon;
				CODE_SIGN_STYLE = Automatic;
				INFOPLIST_FILE = Direct/Info.plist;
				LD_RUNPATH_SEARCH_PATHS = (
					"$(inherited)",
					"@executable_path/Frameworks",
				);
				PRODUCT_BUNDLE_IDENTIFIER = abuzeid.Direct;
				PRODUCT_NAME = "$(TARGET_NAME)";
				SWIFT_VERSION = 4.2;
				TARGETED_DEVICE_FAMILY = "1,2";
			};
			name = Release;
		};
		6C5FDA752270816D00ABA39B /* Debug */ = {
			isa = XCBuildConfiguration;
			baseConfigurationReference = 6B30160045018A20D10805B6 /* Pods-DirectTests.debug.xcconfig */;
			buildSettings = {
				ALWAYS_EMBED_SWIFT_STANDARD_LIBRARIES = YES;
				BUNDLE_LOADER = "$(TEST_HOST)";
				CODE_SIGN_STYLE = Automatic;
				INFOPLIST_FILE = DirectTests/Info.plist;
				LD_RUNPATH_SEARCH_PATHS = (
					"$(inherited)",
					"@executable_path/Frameworks",
					"@loader_path/Frameworks",
				);
				PRODUCT_BUNDLE_IDENTIFIER = abuzeid.DirectTests;
				PRODUCT_NAME = "$(TARGET_NAME)";
				SWIFT_VERSION = 4.2;
				TARGETED_DEVICE_FAMILY = "1,2";
				TEST_HOST = "$(BUILT_PRODUCTS_DIR)/Direct.app/Direct";
			};
			name = Debug;
		};
		6C5FDA762270816D00ABA39B /* Release */ = {
			isa = XCBuildConfiguration;
			baseConfigurationReference = 32AD91C3FA31B9C68158A139 /* Pods-DirectTests.release.xcconfig */;
			buildSettings = {
				ALWAYS_EMBED_SWIFT_STANDARD_LIBRARIES = YES;
				BUNDLE_LOADER = "$(TEST_HOST)";
				CODE_SIGN_STYLE = Automatic;
				INFOPLIST_FILE = DirectTests/Info.plist;
				LD_RUNPATH_SEARCH_PATHS = (
					"$(inherited)",
					"@executable_path/Frameworks",
					"@loader_path/Frameworks",
				);
				PRODUCT_BUNDLE_IDENTIFIER = abuzeid.DirectTests;
				PRODUCT_NAME = "$(TARGET_NAME)";
				SWIFT_VERSION = 4.2;
				TARGETED_DEVICE_FAMILY = "1,2";
				TEST_HOST = "$(BUILT_PRODUCTS_DIR)/Direct.app/Direct";
			};
			name = Release;
		};
		6C5FDA782270816D00ABA39B /* Debug */ = {
			isa = XCBuildConfiguration;
			baseConfigurationReference = F259F96AAEAF2A59F9A36AE1 /* Pods-DirectUITests.debug.xcconfig */;
			buildSettings = {
				ALWAYS_EMBED_SWIFT_STANDARD_LIBRARIES = YES;
				CODE_SIGN_STYLE = Automatic;
				INFOPLIST_FILE = DirectUITests/Info.plist;
				LD_RUNPATH_SEARCH_PATHS = (
					"$(inherited)",
					"@executable_path/Frameworks",
					"@loader_path/Frameworks",
				);
				PRODUCT_BUNDLE_IDENTIFIER = abuzeid.DirectUITests;
				PRODUCT_NAME = "$(TARGET_NAME)";
				SWIFT_VERSION = 4.2;
				TARGETED_DEVICE_FAMILY = "1,2";
				TEST_TARGET_NAME = Direct;
			};
			name = Debug;
		};
		6C5FDA792270816D00ABA39B /* Release */ = {
			isa = XCBuildConfiguration;
			baseConfigurationReference = 1E213B895BD777856B962F78 /* Pods-DirectUITests.release.xcconfig */;
			buildSettings = {
				ALWAYS_EMBED_SWIFT_STANDARD_LIBRARIES = YES;
				CODE_SIGN_STYLE = Automatic;
				INFOPLIST_FILE = DirectUITests/Info.plist;
				LD_RUNPATH_SEARCH_PATHS = (
					"$(inherited)",
					"@executable_path/Frameworks",
					"@loader_path/Frameworks",
				);
				PRODUCT_BUNDLE_IDENTIFIER = abuzeid.DirectUITests;
				PRODUCT_NAME = "$(TARGET_NAME)";
				SWIFT_VERSION = 4.2;
				TARGETED_DEVICE_FAMILY = "1,2";
				TEST_TARGET_NAME = Direct;
			};
			name = Release;
		};
/* End XCBuildConfiguration section */

/* Begin XCConfigurationList section */
		6C5FDA442270816A00ABA39B /* Build configuration list for PBXProject "Direct" */ = {
			isa = XCConfigurationList;
			buildConfigurations = (
				6C5FDA6F2270816D00ABA39B /* Debug */,
				6C5FDA702270816D00ABA39B /* Release */,
			);
			defaultConfigurationIsVisible = 0;
			defaultConfigurationName = Release;
		};
		6C5FDA712270816D00ABA39B /* Build configuration list for PBXNativeTarget "Direct" */ = {
			isa = XCConfigurationList;
			buildConfigurations = (
				6C5FDA722270816D00ABA39B /* Debug */,
				6C5FDA732270816D00ABA39B /* Release */,
			);
			defaultConfigurationIsVisible = 0;
			defaultConfigurationName = Release;
		};
		6C5FDA742270816D00ABA39B /* Build configuration list for PBXNativeTarget "DirectTests" */ = {
			isa = XCConfigurationList;
			buildConfigurations = (
				6C5FDA752270816D00ABA39B /* Debug */,
				6C5FDA762270816D00ABA39B /* Release */,
			);
			defaultConfigurationIsVisible = 0;
			defaultConfigurationName = Release;
		};
		6C5FDA772270816D00ABA39B /* Build configuration list for PBXNativeTarget "DirectUITests" */ = {
			isa = XCConfigurationList;
			buildConfigurations = (
				6C5FDA782270816D00ABA39B /* Debug */,
				6C5FDA792270816D00ABA39B /* Release */,
			);
			defaultConfigurationIsVisible = 0;
			defaultConfigurationName = Release;
		};
/* End XCConfigurationList section */
	};
	rootObject = 6C5FDA412270816A00ABA39B /* Project object */;
}
